# This file is generated by running "yarn install" inside your project.
# Manual changes might be lost - proceed with caution!

__metadata:
  version: 8
  cacheKey: 10c0

"@esbuild/aix-ppc64@npm:0.28.1":
  version: 0.28.1
  resolution: "@esbuild/aix-ppc64@npm:0.28.1"
  conditions: os=aix & cpu=ppc64
  languageName: node
  linkType: hard

"@esbuild/android-arm64@npm:0.28.1":
  version: 0.28.1
  resolution: "@esbuild/android-arm64@npm:0.28.1"
  conditions: os=android & cpu=arm64
  languageName: node
  linkType: hard

"@esbuild/android-arm@npm:0.28.1":
  version: 0.28.1
  resolution: "@esbuild/android-arm@npm:0.28.1"
  conditions: os=android & cpu=arm
  languageName: node
  linkType: hard

"@esbuild/android-x64@npm:0.28.1":
  version: 0.28.1
  resolution: "@esbuild/android-x64@npm:0.28.1"
  conditions: os=android & cpu=x64
  languageName: node
  linkType: hard

"@esbuild/darwin-arm64@npm:0.28.1":
  version: 0.28.1
  resolution: "@esbuild/darwin-arm64@npm:0.28.1"
  conditions: os=darwin & cpu=arm64
  languageName: node
  linkType: hard

"@esbuild/darwin-x64@npm:0.28.1":
  version: 0.28.1
  resolution: "@esbuild/darwin-x64@npm:0.28.1"
  conditions: os=darwin & cpu=x64
  languageName: node
  linkType: hard

"@esbuild/freebsd-arm64@npm:0.28.1":
  version: 0.28.1
  resolution: "@esbuild/freebsd-arm64@npm:0.28.1"
  conditions: os=freebsd & cpu=arm64
  languageName: node
  linkType: hard

"@esbuild/freebsd-x64@npm:0.28.1":
  version: 0.28.1
  resolution: "@esbuild/freebsd-x64@npm:0.28.1"
  conditions: os=freebsd & cpu=x64
  languageName: node
  linkType: hard

"@esbuild/linux-arm64@npm:0.28.1":
  version: 0.28.1
  resolution: "@esbuild/linux-arm64@npm:0.28.1"
  conditions: os=linux & cpu=arm64
  languageName: node
  linkType: hard

"@esbuild/linux-arm@npm:0.28.1":
  version: 0.28.1
  resolution: "@esbuild/linux-arm@npm:0.28.1"
  conditions: os=linux & cpu=arm
  languageName: node
  linkType: hard

"@esbuild/linux-ia32@npm:0.28.1":
  version: 0.28.1
  resolution: "@esbuild/linux-ia32@npm:0.28.1"
  conditions: os=linux & cpu=ia32
  languageName: node
  linkType: hard

"@esbuild/linux-loong64@npm:0.28.1":
  version: 0.28.1
  resolution: "@esbuild/linux-loong64@npm:0.28.1"
  conditions: os=linux & cpu=loong64
  languageName: node
  linkType: hard

"@esbuild/linux-mips64el@npm:0.28.1":
  version: 0.28.1
  resolution: "@esbuild/linux-mips64el@npm:0.28.1"
  conditions: os=linux & cpu=mips64el
  languageName: node
  linkType: hard

"@esbuild/linux-ppc64@npm:0.28.1":
  version: 0.28.1
  resolution: "@esbuild/linux-ppc64@npm:0.28.1"
  conditions: os=linux & cpu=ppc64
  languageName: node
  linkType: hard

"@esbuild/linux-riscv64@npm:0.28.1":
  version: 0.28.1
  resolution: "@esbuild/linux-riscv64@npm:0.28.1"
  conditions: os=linux & cpu=riscv64
  languageName: node
  linkType: hard

"@esbuild/linux-s390x@npm:0.28.1":
  version: 0.28.1
  resolution: "@esbuild/linux-s390x@npm:0.28.1"
  conditions: os=linux & cpu=s390x
  languageName: node
  linkType: hard

"@esbuild/linux-x64@npm:0.28.1":
  version: 0.28.1
  resolution: "@esbuild/linux-x64@npm:0.28.1"
  conditions: os=linux & cpu=x64
  languageName: node
  linkType: hard

"@esbuild/netbsd-arm64@npm:0.28.1":
  version: 0.28.1
  resolution: "@esbuild/netbsd-arm64@npm:0.28.1"
  conditions: os=netbsd & cpu=arm64
  languageName: node
  linkType: hard

"@esbuild/netbsd-x64@npm:0.28.1":
  version: 0.28.1
  resolution: "@esbuild/netbsd-x64@npm:0.28.1"
  conditions: os=netbsd & cpu=x64
  languageName: node
  linkType: hard

"@esbuild/openbsd-arm64@npm:0.28.1":
  version: 0.28.1
  resolution: "@esbuild/openbsd-arm64@npm:0.28.1"
  conditions: os=openbsd & cpu=arm64
  languageName: node
  linkType: hard

"@esbuild/openbsd-x64@npm:0.28.1":
  version: 0.28.1
  resolution: "@esbuild/openbsd-x64@npm:0.28.1"
  conditions: os=openbsd & cpu=x64
  languageName: node
  linkType: hard

"@esbuild/openharmony-arm64@npm:0.28.1":
  version: 0.28.1
  resolution: "@esbuild/openharmony-arm64@npm:0.28.1"
  conditions: os=openharmony & cpu=arm64
  languageName: node
  linkType: hard

"@esbuild/sunos-x64@npm:0.28.1":
  version: 0.28.1
  resolution: "@esbuild/sunos-x64@npm:0.28.1"
  conditions: os=sunos & cpu=x64
  languageName: node
  linkType: hard

"@esbuild/win32-arm64@npm:0.28.1":
  version: 0.28.1
  resolution: "@esbuild/win32-arm64@npm:0.28.1"
  conditions: os=win32 & cpu=arm64
  languageName: node
  linkType: hard

"@esbuild/win32-ia32@npm:0.28.1":
  version: 0.28.1
  resolution: "@esbuild/win32-ia32@npm:0.28.1"
  conditions: os=win32 & cpu=ia32
  languageName: node
  linkType: hard

"@esbuild/win32-x64@npm:0.28.1":
  version: 0.28.1
  resolution: "@esbuild/win32-x64@npm:0.28.1"
  conditions: os=win32 & cpu=x64
  languageName: node
  linkType: hard

"@isaacs/fs-minipass@npm:^4.0.0":
  version: 4.0.1
  resolution: "@isaacs/fs-minipass@npm:4.0.1"
  dependencies:
    minipass: "npm:^7.0.4"
  checksum: 10c0/c25b6dc1598790d5b55c0947a9b7d111cfa92594db5296c3b907e2f533c033666f692a3939eadac17b1c7c40d362d0b0635dc874cbfe3e70db7c2b07cc97a5d2
  languageName: node
  linkType: hard

"@jridgewell/gen-mapping@npm:^0.3.5":
  version: 0.3.13
  resolution: "@jridgewell/gen-mapping@npm:0.3.13"
  dependencies:
    "@jridgewell/sourcemap-codec": "npm:^1.5.0"
    "@jridgewell/trace-mapping": "npm:^0.3.24"
  checksum: 10c0/9a7d65fb13bd9aec1fbab74cda08496839b7e2ceb31f5ab922b323e94d7c481ce0fc4fd7e12e2610915ed8af51178bdc61e168e92a8c8b8303b030b03489b13b
  languageName: node
  linkType: hard

"@jridgewell/remapping@npm:^2.3.4":
  version: 2.3.5
  resolution: "@jridgewell/remapping@npm:2.3.5"
  dependencies:
    "@jridgewell/gen-mapping": "npm:^0.3.5"
    "@jridgewell/trace-mapping": "npm:^0.3.24"
  checksum: 10c0/3de494219ffeb2c5c38711d0d7bb128097edf91893090a2dbc8ee0b55d092bb7347b1fd0f478486c5eab010e855c73927b1666f2107516d472d24a73017d1194
  languageName: node
  linkType: hard

"@jridgewell/resolve-uri@npm:^3.1.0":
  version: 3.1.2
  resolution: "@jridgewell/resolve-uri@npm:3.1.2"
  checksum: 10c0/d502e6fb516b35032331406d4e962c21fe77cdf1cbdb49c6142bcbd9e30507094b18972778a6e27cbad756209cfe34b1a27729e6fa08a2eb92b33943f680cf1e
  languageName: node
  linkType: hard

"@jridgewell/sourcemap-codec@npm:^1.4.14, @jridgewell/sourcemap-codec@npm:^1.4.15, @jridgewell/sourcemap-codec@npm:^1.5.0, @jridgewell/sourcemap-codec@npm:^1.5.5":
  version: 1.5.5
  resolution: "@jridgewell/sourcemap-codec@npm:1.5.5"
  checksum: 10c0/f9e538f302b63c0ebc06eecb1dd9918dd4289ed36147a0ddce35d6ea4d7ebbda243cda7b2213b6a5e1d8087a298d5cf630fb2bd39329cdecb82017023f6081a0
  languageName: node
  linkType: hard

"@jridgewell/trace-mapping@npm:^0.3.24":
  version: 0.3.31
  resolution: "@jridgewell/trace-mapping@npm:0.3.31"
  dependencies:
    "@jridgewell/resolve-uri": "npm:^3.1.0"
    "@jridgewell/sourcemap-codec": "npm:^1.4.14"
  checksum: 10c0/4b30ec8cd56c5fd9a661f088230af01e0c1a3888d11ffb6b47639700f71225be21d1f7e168048d6d4f9449207b978a235c07c8f15c07705685d16dc06280e9d9
  languageName: node
  linkType: hard

"@parcel/watcher-android-arm64@npm:2.5.6":
  version: 2.5.6
  resolution: "@parcel/watcher-android-arm64@npm:2.5.6"
  conditions: os=android & cpu=arm64
  languageName: node
  linkType: hard

"@parcel/watcher-darwin-arm64@npm:2.5.6":
  version: 2.5.6
  resolution: "@parcel/watcher-darwin-arm64@npm:2.5.6"
  conditions: os=darwin & cpu=arm64
  languageName: node
  linkType: hard

"@parcel/watcher-darwin-x64@npm:2.5.6":
  version: 2.5.6
  resolution: "@parcel/watcher-darwin-x64@npm:2.5.6"
  conditions: os=darwin & cpu=x64
  languageName: node
  linkType: hard

"@parcel/watcher-freebsd-x64@npm:2.5.6":
  version: 2.5.6
  resolution: "@parcel/watcher-freebsd-x64@npm:2.5.6"
  conditions: os=freebsd & cpu=x64
  languageName: node
  linkType: hard

"@parcel/watcher-linux-arm-glibc@npm:2.5.6":
  version: 2.5.6
  resolution: "@parcel/watcher-linux-arm-glibc@npm:2.5.6"
  conditions: os=linux & cpu=arm & libc=glibc
  languageName: node
  linkType: hard

"@parcel/watcher-linux-arm-musl@npm:2.5.6":
  version: 2.5.6
  resolution: "@parcel/watcher-linux-arm-musl@npm:2.5.6"
  conditions: os=linux & cpu=arm & libc=musl
  languageName: node
  linkType: hard

"@parcel/watcher-linux-arm64-glibc@npm:2.5.6":
  version: 2.5.6
  resolution: "@parcel/watcher-linux-arm64-glibc@npm:2.5.6"
  conditions: os=linux & cpu=arm64 & libc=glibc
  languageName: node
  linkType: hard

"@parcel/watcher-linux-arm64-musl@npm:2.5.6":
  version: 2.5.6
  resolution: "@parcel/watcher-linux-arm64-musl@npm:2.5.6"
  conditions: os=linux & cpu=arm64 & libc=musl
  languageName: node
  linkType: hard

"@parcel/watcher-linux-x64-glibc@npm:2.5.6":
  version: 2.5.6
  resolution: "@parcel/watcher-linux-x64-glibc@npm:2.5.6"
  conditions: os=linux & cpu=x64 & libc=glibc
  languageName: node
  linkType: hard

"@parcel/watcher-linux-x64-musl@npm:2.5.6":
  version: 2.5.6
  resolution: "@parcel/watcher-linux-x64-musl@npm:2.5.6"
  conditions: os=linux & cpu=x64 & libc=musl
  languageName: node
  linkType: hard

"@parcel/watcher-win32-arm64@npm:2.5.6":
  version: 2.5.6
  resolution: "@parcel/watcher-win32-arm64@npm:2.5.6"
  conditions: os=win32 & cpu=arm64
  languageName: node
  linkType: hard

"@parcel/watcher-win32-ia32@npm:2.5.6":
  version: 2.5.6
  resolution: "@parcel/watcher-win32-ia32@npm:2.5.6"
  conditions: os=win32 & cpu=ia32
  languageName: node
  linkType: hard

"@parcel/watcher-win32-x64@npm:2.5.6":
  version: 2.5.6
  resolution: "@parcel/watcher-win32-x64@npm:2.5.6"
  conditions: os=win32 & cpu=x64
  languageName: node
  linkType: hard

"@parcel/watcher@npm:^2.4.1":
  version: 2.5.6
  resolution: "@parcel/watcher@npm:2.5.6"
  dependencies:
    "@parcel/watcher-android-arm64": "npm:2.5.6"
    "@parcel/watcher-darwin-arm64": "npm:2.5.6"
    "@parcel/watcher-darwin-x64": "npm:2.5.6"
    "@parcel/watcher-freebsd-x64": "npm:2.5.6"
    "@parcel/watcher-linux-arm-glibc": "npm:2.5.6"
    "@parcel/watcher-linux-arm-musl": "npm:2.5.6"
    "@parcel/watcher-linux-arm64-glibc": "npm:2.5.6"
    "@parcel/watcher-linux-arm64-musl": "npm:2.5.6"
    "@parcel/watcher-linux-x64-glibc": "npm:2.5.6"
    "@parcel/watcher-linux-x64-musl": "npm:2.5.6"
    "@parcel/watcher-win32-arm64": "npm:2.5.6"
    "@parcel/watcher-win32-ia32": "npm:2.5.6"
    "@parcel/watcher-win32-x64": "npm:2.5.6"
    detect-libc: "npm:^2.0.3"
    is-glob: "npm:^4.0.3"
    node-addon-api: "npm:^7.0.0"
    node-gyp: "npm:latest"
    picomatch: "npm:^4.0.3"
  dependenciesMeta:
    "@parcel/watcher-android-arm64":
      optional: true
    "@parcel/watcher-darwin-arm64":
      optional: true
    "@parcel/watcher-darwin-x64":
      optional: true
    "@parcel/watcher-freebsd-x64":
      optional: true
    "@parcel/watcher-linux-arm-glibc":
      optional: true
    "@parcel/watcher-linux-arm-musl":
      optional: true
    "@parcel/watcher-linux-arm64-glibc":
      optional: true
    "@parcel/watcher-linux-arm64-musl":
      optional: true
    "@parcel/watcher-linux-x64-glibc":
      optional: true
    "@parcel/watcher-linux-x64-musl":
      optional: true
    "@parcel/watcher-win32-arm64":
      optional: true
    "@parcel/watcher-win32-ia32":
      optional: true
    "@parcel/watcher-win32-x64":
      optional: true
  checksum: 10c0/1e1d91f92e94e4640089a7cead243b2b81ca9aa8e1c862a97a25f589e84fbf1ad93abeb503f325c43a8c0e024ae0e74b48ec42c1cd84e8e423a3a87d25ded4f2
  languageName: node
  linkType: hard

"@rollup/rollup-android-arm-eabi@npm:4.62.2":
  version: 4.62.2
  resolution: "@rollup/rollup-android-arm-eabi@npm:4.62.2"
  conditions: os=android & cpu=arm
  languageName: node
  linkType: hard

"@rollup/rollup-android-arm64@npm:4.62.2":
  version: 4.62.2
  resolution: "@rollup/rollup-android-arm64@npm:4.62.2"
  conditions: os=android & cpu=arm64
  languageName: node
  linkType: hard

"@rollup/rollup-darwin-arm64@npm:4.62.2":
  version: 4.62.2
  resolution: "@rollup/rollup-darwin-arm64@npm:4.62.2"
  conditions: os=darwin & cpu=arm64
  languageName: node
  linkType: hard

"@rollup/rollup-darwin-x64@npm:4.62.2":
  version: 4.62.2
  resolution: "@rollup/rollup-darwin-x64@npm:4.62.2"
  conditions: os=darwin & cpu=x64
  languageName: node
  linkType: hard

"@rollup/rollup-freebsd-arm64@npm:4.62.2":
  version: 4.62.2
  resolution: "@rollup/rollup-freebsd-arm64@npm:4.62.2"
  conditions: os=freebsd & cpu=arm64
  languageName: node
  linkType: hard

"@rollup/rollup-freebsd-x64@npm:4.62.2":
  version: 4.62.2
  resolution: "@rollup/rollup-freebsd-x64@npm:4.62.2"
  conditions: os=freebsd & cpu=x64
  languageName: node
  linkType: hard

"@rollup/rollup-linux-arm-gnueabihf@npm:4.62.2":
  version: 4.62.2
  resolution: "@rollup/rollup-linux-arm-gnueabihf@npm:4.62.2"
  conditions: os=linux & cpu=arm & libc=glibc
  languageName: node
  linkType: hard

"@rollup/rollup-linux-arm-musleabihf@npm:4.62.2":
  version: 4.62.2
  resolution: "@rollup/rollup-linux-arm-musleabihf@npm:4.62.2"
  conditions: os=linux & cpu=arm & libc=musl
  languageName: node
  linkType: hard

"@rollup/rollup-linux-arm64-gnu@npm:4.62.2":
  version: 4.62.2
  resolution: "@rollup/rollup-linux-arm64-gnu@npm:4.62.2"
  conditions: os=linux & cpu=arm64 & libc=glibc
  languageName: node
  linkType: hard

"@rollup/rollup-linux-arm64-musl@npm:4.62.2":
  version: 4.62.2
  resolution: "@rollup/rollup-linux-arm64-musl@npm:4.62.2"
  conditions: os=linux & cpu=arm64 & libc=musl
  languageName: node
  linkType: hard

"@rollup/rollup-linux-loong64-gnu@npm:4.62.2":
  version: 4.62.2
  resolution: "@rollup/rollup-linux-loong64-gnu@npm:4.62.2"
  conditions: os=linux & cpu=loong64 & libc=glibc
  languageName: node
  linkType: hard

"@rollup/rollup-linux-loong64-musl@npm:4.62.2":
  version: 4.62.2
  resolution: "@rollup/rollup-linux-loong64-musl@npm:4.62.2"
  conditions: os=linux & cpu=loong64 & libc=musl
  languageName: node
  linkType: hard

"@rollup/rollup-linux-ppc64-gnu@npm:4.62.2":
  version: 4.62.2
  resolution: "@rollup/rollup-linux-ppc64-gnu@npm:4.62.2"
  conditions: os=linux & cpu=ppc64 & libc=glibc
  languageName: node
  linkType: hard

"@rollup/rollup-linux-ppc64-musl@npm:4.62.2":
  version: 4.62.2
  resolution: "@rollup/rollup-linux-ppc64-musl@npm:4.62.2"
  conditions: os=linux & cpu=ppc64 & libc=musl
  languageName: node
  linkType: hard

"@rollup/rollup-linux-riscv64-gnu@npm:4.62.2":
  version: 4.62.2
  resolution: "@rollup/rollup-linux-riscv64-gnu@npm:4.62.2"
  conditions: os=linux & cpu=riscv64 & libc=glibc
  languageName: node
  linkType: hard

"@rollup/rollup-linux-riscv64-musl@npm:4.62.2":
  version: 4.62.2
  resolution: "@rollup/rollup-linux-riscv64-musl@npm:4.62.2"
  conditions: os=linux & cpu=riscv64 & libc=musl
  languageName: node
  linkType: hard

"@rollup/rollup-linux-s390x-gnu@npm:4.62.2":
  version: 4.62.2
  resolution: "@rollup/rollup-linux-s390x-gnu@npm:4.62.2"
  conditions: os=linux & cpu=s390x & libc=glibc
  languageName: node
  linkType: hard

"@rollup/rollup-linux-x64-gnu@npm:4.62.2":
  version: 4.62.2
  resolution: "@rollup/rollup-linux-x64-gnu@npm:4.62.2"
  conditions: os=linux & cpu=x64 & libc=glibc
  languageName: node
  linkType: hard

"@rollup/rollup-linux-x64-musl@npm:4.62.2":
  version: 4.62.2
  resolution: "@rollup/rollup-linux-x64-musl@npm:4.62.2"
  conditions: os=linux & cpu=x64 & libc=musl
  languageName: node
  linkType: hard

"@rollup/rollup-openbsd-x64@npm:4.62.2":
  version: 4.62.2
  resolution: "@rollup/rollup-openbsd-x64@npm:4.62.2"
  conditions: os=openbsd & cpu=x64
  languageName: node
  linkType: hard

"@rollup/rollup-openharmony-arm64@npm:4.62.2":
  version: 4.62.2
  resolution: "@rollup/rollup-openharmony-arm64@npm:4.62.2"
  conditions: os=openharmony & cpu=arm64
  languageName: node
  linkType: hard

"@rollup/rollup-win32-arm64-msvc@npm:4.62.2":
  version: 4.62.2
  resolution: "@rollup/rollup-win32-arm64-msvc@npm:4.62.2"
  conditions: os=win32 & cpu=arm64
  languageName: node
  linkType: hard

"@rollup/rollup-win32-ia32-msvc@npm:4.62.2":
  version: 4.62.2
  resolution: "@rollup/rollup-win32-ia32-msvc@npm:4.62.2"
  conditions: os=win32 & cpu=ia32
  languageName: node
  linkType: hard

"@rollup/rollup-win32-x64-gnu@npm:4.62.2":
  version: 4.62.2
  resolution: "@rollup/rollup-win32-x64-gnu@npm:4.62.2"
  conditions: os=win32 & cpu=x64
  languageName: node
  linkType: hard

"@rollup/rollup-win32-x64-msvc@npm:4.62.2":
  version: 4.62.2
  resolution: "@rollup/rollup-win32-x64-msvc@npm:4.62.2"
  conditions: os=win32 & cpu=x64
  languageName: node
  linkType: hard

"@sveltejs/acorn-typescript@npm:^1.0.10":
  version: 1.0.11
  resolution: "@sveltejs/acorn-typescript@npm:1.0.11"
  peerDependencies:
    acorn: ^8.9.0
  checksum: 10c0/9d93f68ffd7ed339a8743af6d1540a2fd3195ff66015163c2c0359eef75cc960188e2ae4a70ec2987989321d9ed2317f315ec05041f7c9c75cf91e8dfba95be9
  languageName: node
  linkType: hard

"@sveltejs/vite-plugin-svelte-inspector@npm:^5.0.0":
  version: 5.0.2
  resolution: "@sveltejs/vite-plugin-svelte-inspector@npm:5.0.2"
  dependencies:
    obug: "npm:^2.1.0"
  peerDependencies:
    "@sveltejs/vite-plugin-svelte": ^6.0.0-next.0
    svelte: ^5.0.0
    vite: ^6.3.0 || ^7.0.0
  checksum: 10c0/63ab115addd484a0e1c304af4ff8659b47c364707158b8896a8974bb6f71ea53b8edeccb4d4abc6022408bf95f68a6c3c0e412651cc67fdf2d4686c85e8b2785
  languageName: node
  linkType: hard

"@sveltejs/vite-plugin-svelte@npm:^6.2.4":
  version: 6.2.4
  resolution: "@sveltejs/vite-plugin-svelte@npm:6.2.4"
  dependencies:
    "@sveltejs/vite-plugin-svelte-inspector": "npm:^5.0.0"
    deepmerge: "npm:^4.3.1"
    magic-string: "npm:^0.30.21"
    obug: "npm:^2.1.0"
    vitefu: "npm:^1.1.1"
  peerDependencies:
    svelte: ^5.0.0
    vite: ^6.3.0 || ^7.0.0
  checksum: 10c0/db50e79dc3ce635b92287e1b1cdee46a5f97ed17df514f59d08a27431f673336fe357901c17710b311e5e75b7d982cd17eedbaa3117a73ae2a328fa1d1ac9eb3
  languageName: node
  linkType: hard

"@tsconfig/svelte@npm:^5.0.8":
  version: 5.0.8
  resolution: "@tsconfig/svelte@npm:5.0.8"
  checksum: 10c0/dbc071d5e4e7438468963bc1753c20d40fd732cd3e4397c35d0ad15369f5d31dda8e6ef59e9c6ec7ff761bc4de31a33621bdad3aa2b589df1619b54eebb9dbba
  languageName: node
  linkType: hard

"@types/estree@npm:1.0.9, @types/estree@npm:^1.0.5, @types/estree@npm:^1.0.6":
  version: 1.0.9
  resolution: "@types/estree@npm:1.0.9"
  checksum: 10c0/3ad3286ca2988cd550dafb8f2ad599c8474868e954fa601a36655bdfefd8039f7c714b8c1c7f2ae219ffbd58bd4660e66fa7479a0120fc02d4777057d4865387
  languageName: node
  linkType: hard

"@types/file-saver@npm:^2.0.7":
  version: 2.0.7
  resolution: "@types/file-saver@npm:2.0.7"
  checksum: 10c0/c6b88a1aea8eec58469da2a90828fef6e9d5d590c7094fb959783d7c32878af80d39439734f3d41b78355dadb507f606e3d04a29a160c85411c65251e58df847
  languageName: node
  linkType: hard

"@types/trusted-types@npm:^2.0.7":
  version: 2.0.7
  resolution: "@types/trusted-types@npm:2.0.7"
  checksum: 10c0/4c4855f10de7c6c135e0d32ce462419d8abbbc33713b31d294596c0cc34ae1fa6112a2f9da729c8f7a20707782b0d69da3b1f8df6645b0366d08825ca1522e0c
  languageName: node
  linkType: hard

"abbrev@npm:^5.0.0":
  version: 5.0.0
  resolution: "abbrev@npm:5.0.0"
  checksum: 10c0/8e88f5c798ea4562d28c5a3e9ad69e3879890bc5d695d8f2dffb8609be4c890aacc8f80ef4553fdd2c6a62d70c2ce8bc57b38074e383beb7487bdafa9ed42ea5
  languageName: node
  linkType: hard

"acorn@npm:^8.12.1":
  version: 8.17.0
  resolution: "acorn@npm:8.17.0"
  bin:
    acorn: bin/acorn
  checksum: 10c0/5dcefea5f8f023b6cc24cbe71fb5a8112b601d36c4fa07d14e4e6ffc2ee47383332c46b36c766d9437725aa6660156eae50efa0c838719823b50d7c327c4ed42
  languageName: node
  linkType: hard

"aria-query@npm:5.3.1":
  version: 5.3.1
  resolution: "aria-query@npm:5.3.1"
  checksum: 10c0/2e9aca7d92d20b8539ee58fa1d29ba07e2269a68da8d27e9830d3cb816d49bb01648610ac3f2e365a8dedbf00168ac18c017ea49c512fbe2537a0b17184a458b
  languageName: node
  linkType: hard

"axobject-query@npm:^4.1.0":
  version: 4.1.0
  resolution: "axobject-query@npm:4.1.0"
  checksum: 10c0/c470e4f95008f232eadd755b018cb55f16c03ccf39c027b941cd8820ac6b68707ce5d7368a46756db4256fbc91bb4ead368f84f7fb034b2b7932f082f6dc0775
  languageName: node
  linkType: hard

"chokidar@npm:^5.0.0":
  version: 5.0.0
  resolution: "chokidar@npm:5.0.0"
  dependencies:
    readdirp: "npm:^5.0.0"
  checksum: 10c0/42fc907cb2a7ff5c9e220f84dae75380a77997f851c2a5e7865a2cf9ae45dd407a23557208cdcdbf3ac8c93341135a1748e4c48c31855f3bfa095e5159b6bdec
  languageName: node
  linkType: hard

"chownr@npm:^3.0.0":
  version: 3.0.0
  resolution: "chownr@npm:3.0.0"
  checksum: 10c0/43925b87700f7e3893296c8e9c56cc58f926411cce3a6e5898136daaf08f08b9a8eb76d37d3267e707d0dcc17aed2e2ebdf5848c0c3ce95cf910a919935c1b10
  languageName: node
  linkType: hard

"clsx@npm:^2.1.1":
  version: 2.1.1
  resolution: "clsx@npm:2.1.1"
  checksum: 10c0/c4c8eb865f8c82baab07e71bfa8897c73454881c4f99d6bc81585aecd7c441746c1399d08363dc096c550cceaf97bd4ce1e8854e1771e9998d9f94c4fe075839
  languageName: node
  linkType: hard

"deepmerge@npm:^4.3.1":
  version: 4.3.1
  resolution: "deepmerge@npm:4.3.1"
  checksum: 10c0/e53481aaf1aa2c4082b5342be6b6d8ad9dfe387bc92ce197a66dea08bd4265904a087e75e464f14d1347cf2ac8afe1e4c16b266e0561cc5df29382d3c5f80044
  languageName: node
  linkType: hard

"detect-libc@npm:^2.0.3":
  version: 2.1.2
  resolution: "detect-libc@npm:2.1.2"
  checksum: 10c0/acc675c29a5649fa1fb6e255f993b8ee829e510b6b56b0910666949c80c364738833417d0edb5f90e4e46be17228b0f2b66a010513984e18b15deeeac49369c4
  languageName: node
  linkType: hard

"devalue@npm:^5.8.1":
  version: 5.8.1
  resolution: "devalue@npm:5.8.1"
  checksum: 10c0/fad0c5aeb615e0ddea3385923389991652b285cd2adcd84e10f07a930f735127d94621751f7ef5249a7fe2c7c666ec7c02bb95c3901da337c91f45ef4da18dea
  languageName: node
  linkType: hard

"env-paths@npm:^2.2.0":
  version: 2.2.1
  resolution: "env-paths@npm:2.2.1"
  checksum: 10c0/285325677bf00e30845e330eec32894f5105529db97496ee3f598478e50f008c5352a41a30e5e72ec9de8a542b5a570b85699cd63bd2bc646dbcb9f311d83bc4
  languageName: node
  linkType: hard

"esbuild@npm:^0.27.0 || ^0.28.0":
  version: 0.28.1
  resolution: "esbuild@npm:0.28.1"
  dependencies:
    "@esbuild/aix-ppc64": "npm:0.28.1"
    "@esbuild/android-arm": "npm:0.28.1"
    "@esbuild/android-arm64": "npm:0.28.1"
    "@esbuild/android-x64": "npm:0.28.1"
    "@esbuild/darwin-arm64": "npm:0.28.1"
    "@esbuild/darwin-x64": "npm:0.28.1"
    "@esbuild/freebsd-arm64": "npm:0.28.1"
    "@esbuild/freebsd-x64": "npm:0.28.1"
    "@esbuild/linux-arm": "npm:0.28.1"
    "@esbuild/linux-arm64": "npm:0.28.1"
    "@esbuild/linux-ia32": "npm:0.28.1"
    "@esbuild/linux-loong64": "npm:0.28.1"
    "@esbuild/linux-mips64el": "npm:0.28.1"
    "@esbuild/linux-ppc64": "npm:0.28.1"
    "@esbuild/linux-riscv64": "npm:0.28.1"
    "@esbuild/linux-s390x": "npm:0.28.1"
    "@esbuild/linux-x64": "npm:0.28.1"
    "@esbuild/netbsd-arm64": "npm:0.28.1"
    "@esbuild/netbsd-x64": "npm:0.28.1"
    "@esbuild/openbsd-arm64": "npm:0.28.1"
    "@esbuild/openbsd-x64": "npm:0.28.1"
    "@esbuild/openharmony-arm64": "npm:0.28.1"
    "@esbuild/sunos-x64": "npm:0.28.1"
    "@esbuild/win32-arm64": "npm:0.28.1"
    "@esbuild/win32-ia32": "npm:0.28.1"
    "@esbuild/win32-x64": "npm:0.28.1"
  dependenciesMeta:
    "@esbuild/aix-ppc64":
      optional: true
    "@esbuild/android-arm":
      optional: true
    "@esbuild/android-arm64":
      optional: true
    "@esbuild/android-x64":
      optional: true
    "@esbuild/darwin-arm64":
      optional: true
    "@esbuild/darwin-x64":
      optional: true
    "@esbuild/freebsd-arm64":
      optional: true
    "@esbuild/freebsd-x64":
      optional: true
    "@esbuild/linux-arm":
      optional: true
    "@esbuild/linux-arm64":
      optional: true
    "@esbuild/linux-ia32":
      optional: true
    "@esbuild/linux-loong64":
      optional: true
    "@esbuild/linux-mips64el":
      optional: true
    "@esbuild/linux-ppc64":
      optional: true
    "@esbuild/linux-riscv64":
      optional: true
    "@esbuild/linux-s390x":
      optional: true
    "@esbuild/linux-x64":
      optional: true
    "@esbuild/netbsd-arm64":
      optional: true
    "@esbuild/netbsd-x64":
      optional: true
    "@esbuild/openbsd-arm64":
      optional: true
    "@esbuild/openbsd-x64":
      optional: true
    "@esbuild/openharmony-arm64":
      optional: true
    "@esbuild/sunos-x64":
      optional: true
    "@esbuild/win32-arm64":
      optional: true
    "@esbuild/win32-ia32":
      optional: true
    "@esbuild/win32-x64":
      optional: true
  bin:
    esbuild: bin/esbuild
  checksum: 10c0/29cd456a79ce35ac2c7e05fe871330416b2c395c045d849653f843e51378d6e0d6e774d6dcd01b35f4e83238a29bf8decd04fcd34b3780c589a250b21e5f92bb
  languageName: node
  linkType: hard

"esm-env@npm:^1.2.1":
  version: 1.2.2
  resolution: "esm-env@npm:1.2.2"
  checksum: 10c0/3d25c973f2fd69c25ffff29c964399cea573fe10795ecc1d26f6f957ce0483d3254e1cceddb34bf3296a0d7b0f1d53a28992f064ba509dfe6366751e752c4166
  languageName: node
  linkType: hard

"esrap@npm:^2.2.12":
  version: 2.2.13
  resolution: "esrap@npm:2.2.13"
  dependencies:
    "@jridgewell/sourcemap-codec": "npm:^1.4.15"
  peerDependencies:
    "@typescript-eslint/types": ^8.2.0
  peerDependenciesMeta:
    "@typescript-eslint/types":
      optional: true
  checksum: 10c0/8a11fc5524326f6537faad25c9cd7039246537e1d3c9c559c0087624ec97da794dbb35f2986de3101443a8d433d54b653edbc21d02ed48f8ac1d5ca1483ba3b4
  languageName: node
  linkType: hard

"exponential-backoff@npm:^3.1.1":
  version: 3.1.3
  resolution: "exponential-backoff@npm:3.1.3"
  checksum: 10c0/77e3ae682b7b1f4972f563c6dbcd2b0d54ac679e62d5d32f3e5085feba20483cf28bd505543f520e287a56d4d55a28d7874299941faf637e779a1aa5994d1267
  languageName: node
  linkType: hard

"fdir@npm:^6.5.0":
  version: 6.5.0
  resolution: "fdir@npm:6.5.0"
  peerDependencies:
    picomatch: ^3 || ^4
  peerDependenciesMeta:
    picomatch:
      optional: true
  checksum: 10c0/e345083c4306b3aed6cb8ec551e26c36bab5c511e99ea4576a16750ddc8d3240e63826cc624f5ae17ad4dc82e68a253213b60d556c11bfad064b7607847ed07f
  languageName: node
  linkType: hard

"file-saver@npm:^2.0.5":
  version: 2.0.5
  resolution: "file-saver@npm:2.0.5"
  checksum: 10c0/0a361f683786c34b2574aea53744cb70d0a6feb0fa5e3af00f2fcb6c9d40d3049cc1470e38c6c75df24219f247f6fb3076f86943958f580e62ee2ffe897af8b1
  languageName: node
  linkType: hard

"fsevents@npm:~2.3.2, fsevents@npm:~2.3.3":
  version: 2.3.3
  resolution: "fsevents@npm:2.3.3"
  dependencies:
    node-gyp: "npm:latest"
  checksum: 10c0/a1f0c44595123ed717febbc478aa952e47adfc28e2092be66b8ab1635147254ca6cfe1df792a8997f22716d4cbafc73309899ff7bfac2ac3ad8cf2e4ecc3ec60
  conditions: os=darwin
  languageName: node
  linkType: hard

"fsevents@patch:fsevents@npm%3A~2.3.2#optional!builtin<compat/fsevents>, fsevents@patch:fsevents@npm%3A~2.3.3#optional!builtin<compat/fsevents>":
  version: 2.3.3
  resolution: "fsevents@patch:fsevents@npm%3A2.3.3#optional!builtin<compat/fsevents>::version=2.3.3&hash=df0bf1"
  dependencies:
    node-gyp: "npm:latest"
  conditions: os=darwin
  languageName: node
  linkType: hard

"graceful-fs@npm:^4.2.6":
  version: 4.2.11
  resolution: "graceful-fs@npm:4.2.11"
  checksum: 10c0/386d011a553e02bc594ac2ca0bd6d9e4c22d7fa8cfbfc448a6d148c59ea881b092db9dbe3547ae4b88e55f1b01f7c4a2ecc53b310c042793e63aa44cf6c257f2
  languageName: node
  linkType: hard

"immutable@npm:^5.1.5":
  version: 5.1.9
  resolution: "immutable@npm:5.1.9"
  checksum: 10c0/ae7032b60b81b682f3e7e4df13e1ec9a401a603eb81b15bb3e37331ed6666e318c71994c6936e1462eb443d32d04769396562a7e2669da22457c8ba279c03ad2
  languageName: node
  linkType: hard

"is-extglob@npm:^2.1.1":
  version: 2.1.1
  resolution: "is-extglob@npm:2.1.1"
  checksum: 10c0/5487da35691fbc339700bbb2730430b07777a3c21b9ebaecb3072512dfd7b4ba78ac2381a87e8d78d20ea08affb3f1971b4af629173a6bf435ff8a4c47747912
  languageName: node
  linkType: hard

"is-glob@npm:^4.0.3":
  version: 4.0.3
  resolution: "is-glob@npm:4.0.3"
  dependencies:
    is-extglob: "npm:^2.1.1"
  checksum: 10c0/17fb4014e22be3bbecea9b2e3a76e9e34ff645466be702f1693e8f1ee1adac84710d0be0bd9f967d6354036fd51ab7c2741d954d6e91dae6bb69714de92c197a
  languageName: node
  linkType: hard

"is-reference@npm:^3.0.3":
  version: 3.0.3
  resolution: "is-reference@npm:3.0.3"
  dependencies:
    "@types/estree": "npm:^1.0.6"
  checksum: 10c0/35edd284cfb4cd9e9f08973f20e276ec517eaca31f5f049598e97dbb2d05544973dde212dac30fddee5b420930bff365e2e67dcd1293d0866c6720377382e3e5
  languageName: node
  linkType: hard

"isexe@npm:^4.0.0":
  version: 4.0.0
  resolution: "isexe@npm:4.0.0"
  checksum: 10c0/5884815115bceac452877659a9c7726382531592f43dc29e5d48b7c4100661aed54018cb90bd36cb2eaeba521092570769167acbb95c18d39afdccbcca06c5ce
  languageName: node
  linkType: hard

"ktane-iconic-editor@workspace:.":
  version: 0.0.0-use.local
  resolution: "ktane-iconic-editor@workspace:."
  dependencies:
    "@sveltejs/vite-plugin-svelte": "npm:^6.2.4"
    "@tsconfig/svelte": "npm:^5.0.8"
    "@types/file-saver": "npm:^2.0.7"
    file-saver: "npm:^2.0.5"
    prettier: "npm:^3.9.5"
    prettier-plugin-svelte: "npm:^3.5.2"
    sass: "npm:^1.101.0"
    svelte: "npm:^5.56.4"
    svelte-dnd-action: "npm:^0.9.70"
    svelte-preprocess: "npm:^6.0.5"
    typescript: "npm:^5.9.3"
    vite: "npm:^7.3.6"
  languageName: unknown
  linkType: soft

"locate-character@npm:^3.0.0":
  version: 3.0.0
  resolution: "locate-character@npm:3.0.0"
  checksum: 10c0/9da917622395002eb1336fca8cbef1c19904e3dc0b3b8078abe8ff390106d947a86feccecd0346f0e0e19fa017623fb4ccb65263d72a76dfa36e20cc18766b6c
  languageName: node
  linkType: hard

"magic-string@npm:^0.30.11, magic-string@npm:^0.30.21":
  version: 0.30.21
  resolution: "magic-string@npm:0.30.21"
  dependencies:
    "@jridgewell/sourcemap-codec": "npm:^1.5.5"
  checksum: 10c0/299378e38f9a270069fc62358522ddfb44e94244baa0d6a8980ab2a9b2490a1d03b236b447eee309e17eb3bddfa482c61259d47960eb018a904f0ded52780c4a
  languageName: node
  linkType: hard

"minipass@npm:^7.0.4, minipass@npm:^7.1.2":
  version: 7.1.3
  resolution: "minipass@npm:7.1.3"
  checksum: 10c0/539da88daca16533211ea5a9ee98dc62ff5742f531f54640dd34429e621955e91cc280a91a776026264b7f9f6735947629f920944e9c1558369e8bf22eb33fbb
  languageName: node
  linkType: hard

"minizlib@npm:^3.1.0":
  version: 3.1.0
  resolution: "minizlib@npm:3.1.0"
  dependencies:
    minipass: "npm:^7.1.2"
  checksum: 10c0/5aad75ab0090b8266069c9aabe582c021ae53eb33c6c691054a13a45db3b4f91a7fb1bd79151e6b4e9e9a86727b522527c0a06ec7d45206b745d54cd3097bcec
  languageName: node
  linkType: hard

"nanoid@npm:^3.3.12":
  version: 3.3.16
  resolution: "nanoid@npm:3.3.16"
  bin:
    nanoid: bin/nanoid.cjs
  checksum: 10c0/bbf2dcffe22d2b62d16de2711752070b539c0f644c7916f823ad6521986b2078cbe524f2d6240f58c46e9141ea0c7b87a029e100c0f7f175228cacaf30e41bba
  languageName: node
  linkType: hard

"node-addon-api@npm:^7.0.0":
  version: 7.1.1
  resolution: "node-addon-api@npm:7.1.1"
  dependencies:
    node-gyp: "npm:latest"
  checksum: 10c0/fb32a206276d608037fa1bcd7e9921e177fe992fc610d098aa3128baca3c0050fc1e014fa007e9b3874cf865ddb4f5bd9f43ccb7cbbbe4efaff6a83e920b17e9
  languageName: node
  linkType: hard

"node-gyp@npm:latest":
  version: 13.0.1
  resolution: "node-gyp@npm:13.0.1"
  dependencies:
    env-paths: "npm:^2.2.0"
    exponential-backoff: "npm:^3.1.1"
    graceful-fs: "npm:^4.2.6"
    nopt: "npm:^10.0.0"
    proc-log: "npm:^7.0.0"
    semver: "npm:^7.3.5"
    tar: "npm:^7.5.4"
    tinyglobby: "npm:^0.2.12"
    undici: "npm:^8.4.1"
    which: "npm:^7.0.0"
  bin:
    node-gyp: bin/node-gyp.js
  checksum: 10c0/424077bc9e9bbe953a8e86db473ba818cbc6a121714008c977fd589e21e5f0c811fbf22faac730dc7182450b5e52df301811d01ae3373898658d999b7710f4e6
  languageName: node
  linkType: hard

"nopt@npm:^10.0.0":
  version: 10.0.1
  resolution: "nopt@npm:10.0.1"
  dependencies:
    abbrev: "npm:^5.0.0"
  bin:
    nopt: bin/nopt.js
  checksum: 10c0/980d89257f9587f3e1f77877ddbf905d6aa3b738ec33e49a4fa1a059a0dd82eb28063982b150654a7ae9de386f2ead60e56172db7d37cf56de545f7392a2a26a
  languageName: node
  linkType: hard

"obug@npm:^2.1.0":
  version: 2.1.3
  resolution: "obug@npm:2.1.3"
  checksum: 10c0/cb8187fed0a5fc8445507c950e89f3c1bd43895658c398b5803f6b7804dfa0c562975ecce1e67f3d9247d521452a5bfade9e0e951cc0326b7444272f7c24d25f
  languageName: node
  linkType: hard

"picocolors@npm:^1.1.1":
  version: 1.1.1
  resolution: "picocolors@npm:1.1.1"
  checksum: 10c0/e2e3e8170ab9d7c7421969adaa7e1b31434f789afb9b3f115f6b96d91945041ac3ceb02e9ec6fe6510ff036bcc0bf91e69a1772edc0b707e12b19c0f2d6bcf58
  languageName: node
  linkType: hard

"picomatch@npm:^4.0.3, picomatch@npm:^4.0.4":
  version: 4.0.5
  resolution: "picomatch@npm:4.0.5"
  checksum: 10c0/947bc6b6e1ff1e6c5aaf95b107a0839d12802f4f7b867663f67d47accba939ca1cb582cf99dfc30438efa1c4648ac5990967e783e8929c36b03e8440704ef1bd
  languageName: node
  linkType: hard

"postcss@npm:^8.5.6":
  version: 8.5.17
  resolution: "postcss@npm:8.5.17"
  dependencies:
    nanoid: "npm:^3.3.12"
    picocolors: "npm:^1.1.1"
    source-map-js: "npm:^1.2.1"
  checksum: 10c0/5ff97c377a34becb6dc51262eb3f892c474459c682506eff04bac3b65bc6af4451802b40341af4e69956c05665a4a298dec975ba12d75e1310dfa3d89b9f587d
  languageName: node
  linkType: hard

"prettier-plugin-svelte@npm:^3.5.2":
  version: 3.5.2
  resolution: "prettier-plugin-svelte@npm:3.5.2"
  peerDependencies:
    prettier: ^3.0.0
    svelte: ^3.2.0 || ^4.0.0-next.0 || ^5.0.0-next.0
  checksum: 10c0/d0d4a817588efad41b4bc7c7ea41d42bc1068fd52be63b5b6698563fb27eb38ade3007a396a9cd9da875783c5cb489123635c685f20ec9f57b924894732c5f26
  languageName: node
  linkType: hard

"prettier@npm:^3.9.5":
  version: 3.9.5
  resolution: "prettier@npm:3.9.5"
  bin:
    prettier: bin/prettier.cjs
  checksum: 10c0/0349dd9e6d8010965de6f69e6b6ee2484b8caf78c66675afced6c75ad60ff24c3a2a4f41153fb8adeaee4d8f539641b48cebc71d283cec4d146e9962126c5ceb
  languageName: node
  linkType: hard

"proc-log@npm:^7.0.0":
  version: 7.0.0
  resolution: "proc-log@npm:7.0.0"
  checksum: 10c0/b89c2d862604f35fec795477b0c7e376feab3ba0d4f4d291c4e959567442697cf451ac557d0623c1cc38af45a78128b983410f397a10c5d3a67f76c33de4754b
  languageName: node
  linkType: hard

"readdirp@npm:^5.0.0":
  version: 5.0.0
  resolution: "readdirp@npm:5.0.0"
  checksum: 10c0/faf1ec57cff2020f473128da3f8d2a57813cc3a08a36c38cae1c9af32c1579906cc50ba75578043b35bade77e945c098233665797cf9730ba3613a62d6e79219
  languageName: node
  linkType: hard

"rollup@npm:^4.43.0":
  version: 4.62.2
  resolution: "rollup@npm:4.62.2"
  dependencies:
    "@rollup/rollup-android-arm-eabi": "npm:4.62.2"
    "@rollup/rollup-android-arm64": "npm:4.62.2"
    "@rollup/rollup-darwin-arm64": "npm:4.62.2"
    "@rollup/rollup-darwin-x64": "npm:4.62.2"
    "@rollup/rollup-freebsd-arm64": "npm:4.62.2"
    "@rollup/rollup-freebsd-x64": "npm:4.62.2"
    "@rollup/rollup-linux-arm-gnueabihf": "npm:4.62.2"
    "@rollup/rollup-linux-arm-musleabihf": "npm:4.62.2"
    "@rollup/rollup-linux-arm64-gnu": "npm:4.62.2"
    "@rollup/rollup-linux-arm64-musl": "npm:4.62.2"
    "@rollup/rollup-linux-loong64-gnu": "npm:4.62.2"
    "@rollup/rollup-linux-loong64-musl": "npm:4.62.2"
    "@rollup/rollup-linux-ppc64-gnu": "npm:4.62.2"
    "@rollup/rollup-linux-ppc64-musl": "npm:4.62.2"
    "@rollup/rollup-linux-riscv64-gnu": "npm:4.62.2"
    "@rollup/rollup-linux-riscv64-musl": "npm:4.62.2"
    "@rollup/rollup-linux-s390x-gnu": "npm:4.62.2"
    "@rollup/rollup-linux-x64-gnu": "npm:4.62.2"
    "@rollup/rollup-linux-x64-musl": "npm:4.62.2"
    "@rollup/rollup-openbsd-x64": "npm:4.62.2"
    "@rollup/rollup-openharmony-arm64": "npm:4.62.2"
    "@rollup/rollup-win32-arm64-msvc": "npm:4.62.2"
    "@rollup/rollup-win32-ia32-msvc": "npm:4.62.2"
    "@rollup/rollup-win32-x64-gnu": "npm:4.62.2"
    "@rollup/rollup-win32-x64-msvc": "npm:4.62.2"
    "@types/estree": "npm:1.0.9"
    fsevents: "npm:~2.3.2"
  dependenciesMeta:
    "@rollup/rollup-android-arm-eabi":
      optional: true
    "@rollup/rollup-android-arm64":
      optional: true
    "@rollup/rollup-darwin-arm64":
      optional: true
    "@rollup/rollup-darwin-x64":
      optional: true
    "@rollup/rollup-freebsd-arm64":
      optional: true
    "@rollup/rollup-freebsd-x64":
      optional: true
    "@rollup/rollup-linux-arm-gnueabihf":
      optional: true
    "@rollup/rollup-linux-arm-musleabihf":
      optional: true
    "@rollup/rollup-linux-arm64-gnu":
      optional: true
    "@rollup/rollup-linux-arm64-musl":
      optional: true
    "@rollup/rollup-linux-loong64-gnu":
      optional: true
    "@rollup/rollup-linux-loong64-musl":
      optional: true
    "@rollup/rollup-linux-ppc64-gnu":
      optional: true
    "@rollup/rollup-linux-ppc64-musl":
      optional: true
    "@rollup/rollup-linux-riscv64-gnu":
      optional: true
    "@rollup/rollup-linux-riscv64-musl":
      optional: true
    "@rollup/rollup-linux-s390x-gnu":
      optional: true
    "@rollup/rollup-linux-x64-gnu":
      optional: true
    "@rollup/rollup-linux-x64-musl":
      optional: true
    "@rollup/rollup-openbsd-x64":
      optional: true
    "@rollup/rollup-openharmony-arm64":
      optional: true
    "@rollup/rollup-win32-arm64-msvc":
      optional: true
    "@rollup/rollup-win32-ia32-msvc":
      optional: true
    "@rollup/rollup-win32-x64-gnu":
      optional: true
    "@rollup/rollup-win32-x64-msvc":
      optional: true
    fsevents:
      optional: true
  bin:
    rollup: dist/bin/rollup
  checksum: 10c0/83ff5f4a1fea3fa05db2ef56beceee8c33d4a72b818e19c562f1e85c41076fe5b12aadc44048bb73e60b83336df82154b017fa6bf0186f3141643e6f215fbdcb
  languageName: node
  linkType: hard

"sass@npm:^1.101.0":
  version: 1.101.0
  resolution: "sass@npm:1.101.0"
  dependencies:
    "@parcel/watcher": "npm:^2.4.1"
    chokidar: "npm:^5.0.0"
    immutable: "npm:^5.1.5"
    source-map-js: "npm:>=0.6.2 <2.0.0"
  dependenciesMeta:
    "@parcel/watcher":
      optional: true
  bin:
    sass: sass.js
  checksum: 10c0/1fbbcef2f767dec4d97773a2a084f4e1ef2e4abecf574e08743e52237069f1129a6b43b07b5c23aa3bcbf395509e40db758d9748a07940da227aa1626329a74d
  languageName: node
  linkType: hard

"semver@npm:^7.3.5":
  version: 7.8.5
  resolution: "semver@npm:7.8.5"
  bin:
    semver: bin/semver.js
  checksum: 10c0/b1f3127a5be8125a94f37188b361c212466c292c6910adce3ec106cff5dc211ccaedc4739c11bb70fda59d6fc1f040a9bca289f4e093451521a2372e5231fe0c
  languageName: node
  linkType: hard

"source-map-js@npm:>=0.6.2 <2.0.0, source-map-js@npm:^1.2.1":
  version: 1.2.1
  resolution: "source-map-js@npm:1.2.1"
  checksum: 10c0/7bda1fc4c197e3c6ff17de1b8b2c20e60af81b63a52cb32ec5a5d67a20a7d42651e2cb34ebe93833c5a2a084377e17455854fee3e21e7925c64a51b6a52b0faf
  languageName: node
  linkType: hard

"svelte-dnd-action@npm:^0.9.70":
  version: 0.9.70
  resolution: "svelte-dnd-action@npm:0.9.70"
  peerDependencies:
    svelte: ">=3.23.0 || ^5.0.0-next.0"
  checksum: 10c0/997364255e5f74ba7b76c9eb3db529b0817b2329596db1808ad8dd9d1ed11a115f722da52bbc9b015da6d6beec008c460af365317266970ee96ea12fae9ff34b
  languageName: node
  linkType: hard

"svelte-preprocess@npm:^6.0.5":
  version: 6.0.5
  resolution: "svelte-preprocess@npm:6.0.5"
  peerDependencies:
    "@babel/core": ^7.10.2
    coffeescript: ^2.5.1
    less: ^3.11.3 || ^4.0.0
    postcss: ^7 || ^8
    postcss-load-config: ">=3"
    pug: ^3.0.0
    sass: ^1.26.8
    stylus: ">=0.55"
    sugarss: ^2.0.0 || ^3.0.0 || ^4.0.0
    svelte: ^4.0.0 || ^5.0.0-next.100 || ^5.0.0
    typescript: ^5.0.0 || ^6.0.0
  peerDependenciesMeta:
    "@babel/core":
      optional: true
    coffeescript:
      optional: true
    less:
      optional: true
    postcss:
      optional: true
    postcss-load-config:
      optional: true
    pug:
      optional: true
    sass:
      optional: true
    stylus:
      optional: true
    sugarss:
      optional: true
    typescript:
      optional: true
  checksum: 10c0/a986a5d75c2e45a87488bc847e13a8fdb5022823c0e0c84f3266adc344bdfc03abdb1a8bd6e76bf44c869ee6f7c224a875d3603665303696f7fad68db371bf73
  languageName: node
  linkType: hard

"svelte@npm:^5.56.4":
  version: 5.56.4
  resolution: "svelte@npm:5.56.4"
  dependencies:
    "@jridgewell/remapping": "npm:^2.3.4"
    "@jridgewell/sourcemap-codec": "npm:^1.5.0"
    "@sveltejs/acorn-typescript": "npm:^1.0.10"
    "@types/estree": "npm:^1.0.5"
    "@types/trusted-types": "npm:^2.0.7"
    acorn: "npm:^8.12.1"
    aria-query: "npm:5.3.1"
    axobject-query: "npm:^4.1.0"
    clsx: "npm:^2.1.1"
    devalue: "npm:^5.8.1"
    esm-env: "npm:^1.2.1"
    esrap: "npm:^2.2.12"
    is-reference: "npm:^3.0.3"
    locate-character: "npm:^3.0.0"
    magic-string: "npm:^0.30.11"
    zimmerframe: "npm:^1.1.2"
  checksum: 10c0/949e07077cd1a2bd4ab96bd09fe536c925064bcc3cbb3f0d4ac39f3acef56c0bbb61e49765b08c2e63bddfd05aa0d4f3ef3f3a79c87d84b2d5b23bb2a9158f7a
  languageName: node
  linkType: hard

"tar@npm:^7.5.4":
  version: 7.5.20
  resolution: "tar@npm:7.5.20"
  dependencies:
    "@isaacs/fs-minipass": "npm:^4.0.0"
    chownr: "npm:^3.0.0"
    minipass: "npm:^7.1.2"
    minizlib: "npm:^3.1.0"
    yallist: "npm:^5.0.0"
  checksum: 10c0/4df4335c6d958b76adf1eaced55889dec3ca1c51f450658a074af80694bb0d9c154a8e93fdf4da617372d1575b121295379993961bbe4cd4b0867c0e5689846a
  languageName: node
  linkType: hard

"tinyglobby@npm:^0.2.12, tinyglobby@npm:^0.2.15":
  version: 0.2.17
  resolution: "tinyglobby@npm:0.2.17"
  dependencies:
    fdir: "npm:^6.5.0"
    picomatch: "npm:^4.0.4"
  checksum: 10c0/7f7bb0f197c88bc4b20c231e0deca4240ca3bf313a88f5a7fee93a872b84966a4d50220947c0455ad07a60b3b360961c5b7fd979222aeb716a9f99b412002e4c
  languageName: node
  linkType: hard

"typescript@npm:^5.9.3":
  version: 5.9.3
  resolution: "typescript@npm:5.9.3"
  bin:
    tsc: bin/tsc
    tsserver: bin/tsserver
  checksum: 10c0/6bd7552ce39f97e711db5aa048f6f9995b53f1c52f7d8667c1abdc1700c68a76a308f579cd309ce6b53646deb4e9a1be7c813a93baaf0a28ccd536a30270e1c5
  languageName: node
  linkType: hard

"typescript@patch:typescript@npm%3A^5.9.3#optional!builtin<compat/typescript>":
  version: 5.9.3
  resolution: "typescript@patch:typescript@npm%3A5.9.3#optional!builtin<compat/typescript>::version=5.9.3&hash=5786d5"
  bin:
    tsc: bin/tsc
    tsserver: bin/tsserver
  checksum: 10c0/ad09fdf7a756814dce65bc60c1657b40d44451346858eea230e10f2e95a289d9183b6e32e5c11e95acc0ccc214b4f36289dcad4bf1886b0adb84d711d336a430
  languageName: node
  linkType: hard

"undici@npm:^8.4.1":
  version: 8.7.0
  resolution: "undici@npm:8.7.0"
  checksum: 10c0/b7e5ecb4de82fa4f905011a77544fe7ba4da06f27167ff99313a7ae2869f3cb233d676dcd085533bc69f36989bc40871f5ae6ea6e4c9b91db92616b9e91b579d
  languageName: node
  linkType: hard

"vite@npm:^7.3.6":
  version: 7.3.6
  resolution: "vite@npm:7.3.6"
  dependencies:
    esbuild: "npm:^0.27.0 || ^0.28.0"
    fdir: "npm:^6.5.0"
    fsevents: "npm:~2.3.3"
    picomatch: "npm:^4.0.3"
    postcss: "npm:^8.5.6"
    rollup: "npm:^4.43.0"
    tinyglobby: "npm:^0.2.15"
  peerDependencies:
    "@types/node": ^20.19.0 || >=22.12.0
    jiti: ">=1.21.0"
    less: ^4.0.0
    lightningcss: ^1.21.0
    sass: ^1.70.0
    sass-embedded: ^1.70.0
    stylus: ">=0.54.8"
    sugarss: ^5.0.0
    terser: ^5.16.0
    tsx: ^4.8.1
    yaml: ^2.4.2
  dependenciesMeta:
    fsevents:
      optional: true
  peerDependenciesMeta:
    "@types/node":
      optional: true
    jiti:
      optional: true
    less:
      optional: true
    lightningcss:
      optional: true
    sass:
      optional: true
    sass-embedded:
      optional: true
    stylus:
      optional: true
    sugarss:
      optional: true
    terser:
      optional: true
    tsx:
      optional: true
    yaml:
      optional: true
  bin:
    vite: bin/vite.js
  checksum: 10c0/c6d359f84ad362f5c97ff7988b77c90add04162c60cdf6059375a7d9e3217848c53a8cb6b6c48517bef84b6bba4c9bc85319a889b5236acb7d5a2bc8cb7b9a8d
  languageName: node
  linkType: hard

"vitefu@npm:^1.1.1":
  version: 1.1.3
  resolution: "vitefu@npm:1.1.3"
  peerDependencies:
    vite: ^3.0.0 || ^4.0.0 || ^5.0.0 || ^6.0.0 || ^7.0.0 || ^8.0.0
  peerDependenciesMeta:
    vite:
      optional: true
  checksum: 10c0/6cfcd52a17339f63f71ef08787a68850a17a9d9dd7a688e29e41067f963eb2cd5192bb65d38df87fa3a733a21e0229aaa6382201655c1599699e5d6669e3e094
  languageName: node
  linkType: hard

"which@npm:^7.0.0":
  version: 7.0.0
  resolution: "which@npm:7.0.0"
  dependencies:
    isexe: "npm:^4.0.0"
  bin:
    node-which: bin/which.js
  checksum: 10c0/ca0b54f198f78bbc4b7c02e34bda8d335cb352e0adb4cbca1c37b1a957af3a879a82c4c27ca6525bc942f548d8b64f816ef6528360af9f3de55ffb9b979b620d
  languageName: node
  linkType: hard

"yallist@npm:^5.0.0":
  version: 5.0.0
  resolution: "yallist@npm:5.0.0"
  checksum: 10c0/a499c81ce6d4a1d260d4ea0f6d49ab4da09681e32c3f0472dee16667ed69d01dae63a3b81745a24bd78476ec4fcf856114cb4896ace738e01da34b2c42235416
  languageName: node
  linkType: hard

"zimmerframe@npm:^1.1.2":
  version: 1.1.4
  resolution: "zimmerframe@npm:1.1.4"
  checksum: 10c0/9470cbf22cefae975ab413c7158a119d082b354ddcf0da48a842f2f42246fa15943cd9b92c047de39db38015e3b866e32f383bc217e8e4f4192945c7d425536b
  languageName: node
  linkType: hard
