# This file is generated by running "yarn install" inside your project.
# Manual changes might be lost - proceed with caution!

__metadata:
  version: 8
  cacheKey: 10c0

"@esbuild/aix-ppc64@npm:0.25.12":
  version: 0.25.12
  resolution: "@esbuild/aix-ppc64@npm:0.25.12"
  conditions: os=aix & cpu=ppc64
  languageName: node
  linkType: hard

"@esbuild/android-arm64@npm:0.25.12":
  version: 0.25.12
  resolution: "@esbuild/android-arm64@npm:0.25.12"
  conditions: os=android & cpu=arm64
  languageName: node
  linkType: hard

"@esbuild/android-arm@npm:0.25.12":
  version: 0.25.12
  resolution: "@esbuild/android-arm@npm:0.25.12"
  conditions: os=android & cpu=arm
  languageName: node
  linkType: hard

"@esbuild/android-x64@npm:0.25.12":
  version: 0.25.12
  resolution: "@esbuild/android-x64@npm:0.25.12"
  conditions: os=android & cpu=x64
  languageName: node
  linkType: hard

"@esbuild/darwin-arm64@npm:0.25.12":
  version: 0.25.12
  resolution: "@esbuild/darwin-arm64@npm:0.25.12"
  conditions: os=darwin & cpu=arm64
  languageName: node
  linkType: hard

"@esbuild/darwin-x64@npm:0.25.12":
  version: 0.25.12
  resolution: "@esbuild/darwin-x64@npm:0.25.12"
  conditions: os=darwin & cpu=x64
  languageName: node
  linkType: hard

"@esbuild/freebsd-arm64@npm:0.25.12":
  version: 0.25.12
  resolution: "@esbuild/freebsd-arm64@npm:0.25.12"
  conditions: os=freebsd & cpu=arm64
  languageName: node
  linkType: hard

"@esbuild/freebsd-x64@npm:0.25.12":
  version: 0.25.12
  resolution: "@esbuild/freebsd-x64@npm:0.25.12"
  conditions: os=freebsd & cpu=x64
  languageName: node
  linkType: hard

"@esbuild/linux-arm64@npm:0.25.12":
  version: 0.25.12
  resolution: "@esbuild/linux-arm64@npm:0.25.12"
  conditions: os=linux & cpu=arm64
  languageName: node
  linkType: hard

"@esbuild/linux-arm@npm:0.25.12":
  version: 0.25.12
  resolution: "@esbuild/linux-arm@npm:0.25.12"
  conditions: os=linux & cpu=arm
  languageName: node
  linkType: hard

"@esbuild/linux-ia32@npm:0.25.12":
  version: 0.25.12
  resolution: "@esbuild/linux-ia32@npm:0.25.12"
  conditions: os=linux & cpu=ia32
  languageName: node
  linkType: hard

"@esbuild/linux-loong64@npm:0.25.12":
  version: 0.25.12
  resolution: "@esbuild/linux-loong64@npm:0.25.12"
  conditions: os=linux & cpu=loong64
  languageName: node
  linkType: hard

"@esbuild/linux-mips64el@npm:0.25.12":
  version: 0.25.12
  resolution: "@esbuild/linux-mips64el@npm:0.25.12"
  conditions: os=linux & cpu=mips64el
  languageName: node
  linkType: hard

"@esbuild/linux-ppc64@npm:0.25.12":
  version: 0.25.12
  resolution: "@esbuild/linux-ppc64@npm:0.25.12"
  conditions: os=linux & cpu=ppc64
  languageName: node
  linkType: hard

"@esbuild/linux-riscv64@npm:0.25.12":
  version: 0.25.12
  resolution: "@esbuild/linux-riscv64@npm:0.25.12"
  conditions: os=linux & cpu=riscv64
  languageName: node
  linkType: hard

"@esbuild/linux-s390x@npm:0.25.12":
  version: 0.25.12
  resolution: "@esbuild/linux-s390x@npm:0.25.12"
  conditions: os=linux & cpu=s390x
  languageName: node
  linkType: hard

"@esbuild/linux-x64@npm:0.25.12":
  version: 0.25.12
  resolution: "@esbuild/linux-x64@npm:0.25.12"
  conditions: os=linux & cpu=x64
  languageName: node
  linkType: hard

"@esbuild/netbsd-arm64@npm:0.25.12":
  version: 0.25.12
  resolution: "@esbuild/netbsd-arm64@npm:0.25.12"
  conditions: os=netbsd & cpu=arm64
  languageName: node
  linkType: hard

"@esbuild/netbsd-x64@npm:0.25.12":
  version: 0.25.12
  resolution: "@esbuild/netbsd-x64@npm:0.25.12"
  conditions: os=netbsd & cpu=x64
  languageName: node
  linkType: hard

"@esbuild/openbsd-arm64@npm:0.25.12":
  version: 0.25.12
  resolution: "@esbuild/openbsd-arm64@npm:0.25.12"
  conditions: os=openbsd & cpu=arm64
  languageName: node
  linkType: hard

"@esbuild/openbsd-x64@npm:0.25.12":
  version: 0.25.12
  resolution: "@esbuild/openbsd-x64@npm:0.25.12"
  conditions: os=openbsd & cpu=x64
  languageName: node
  linkType: hard

"@esbuild/openharmony-arm64@npm:0.25.12":
  version: 0.25.12
  resolution: "@esbuild/openharmony-arm64@npm:0.25.12"
  conditions: os=openharmony & cpu=arm64
  languageName: node
  linkType: hard

"@esbuild/sunos-x64@npm:0.25.12":
  version: 0.25.12
  resolution: "@esbuild/sunos-x64@npm:0.25.12"
  conditions: os=sunos & cpu=x64
  languageName: node
  linkType: hard

"@esbuild/win32-arm64@npm:0.25.12":
  version: 0.25.12
  resolution: "@esbuild/win32-arm64@npm:0.25.12"
  conditions: os=win32 & cpu=arm64
  languageName: node
  linkType: hard

"@esbuild/win32-ia32@npm:0.25.12":
  version: 0.25.12
  resolution: "@esbuild/win32-ia32@npm:0.25.12"
  conditions: os=win32 & cpu=ia32
  languageName: node
  linkType: hard

"@esbuild/win32-x64@npm:0.25.12":
  version: 0.25.12
  resolution: "@esbuild/win32-x64@npm:0.25.12"
  conditions: os=win32 & cpu=x64
  languageName: node
  linkType: hard

"@isaacs/fs-minipass@npm:^4.0.0":
  version: 4.0.1
  resolution: "@isaacs/fs-minipass@npm:4.0.1"
  dependencies:
    minipass: "npm:^7.0.4"
  checksum: 10c0/c25b6dc1598790d5b55c0947a9b7d111cfa92594db5296c3b907e2f533c033666f692a3939eadac17b1c7c40d362d0b0635dc874cbfe3e70db7c2b07cc97a5d2
  languageName: node
  linkType: hard

"@jridgewell/sourcemap-codec@npm:^1.4.14, @jridgewell/sourcemap-codec@npm:^1.5.5":
  version: 1.5.5
  resolution: "@jridgewell/sourcemap-codec@npm:1.5.5"
  checksum: 10c0/f9e538f302b63c0ebc06eecb1dd9918dd4289ed36147a0ddce35d6ea4d7ebbda243cda7b2213b6a5e1d8087a298d5cf630fb2bd39329cdecb82017023f6081a0
  languageName: node
  linkType: hard

"@parcel/watcher-android-arm64@npm:2.5.6":
  version: 2.5.6
  resolution: "@parcel/watcher-android-arm64@npm:2.5.6"
  conditions: os=android & cpu=arm64
  languageName: node
  linkType: hard

"@parcel/watcher-darwin-arm64@npm:2.5.6":
  version: 2.5.6
  resolution: "@parcel/watcher-darwin-arm64@npm:2.5.6"
  conditions: os=darwin & cpu=arm64
  languageName: node
  linkType: hard

"@parcel/watcher-darwin-x64@npm:2.5.6":
  version: 2.5.6
  resolution: "@parcel/watcher-darwin-x64@npm:2.5.6"
  conditions: os=darwin & cpu=x64
  languageName: node
  linkType: hard

"@parcel/watcher-freebsd-x64@npm:2.5.6":
  version: 2.5.6
  resolution: "@parcel/watcher-freebsd-x64@npm:2.5.6"
  conditions: os=freebsd & cpu=x64
  languageName: node
  linkType: hard

"@parcel/watcher-linux-arm-glibc@npm:2.5.6":
  version: 2.5.6
  resolution: "@parcel/watcher-linux-arm-glibc@npm:2.5.6"
  conditions: os=linux & cpu=arm & libc=glibc
  languageName: node
  linkType: hard

"@parcel/watcher-linux-arm-musl@npm:2.5.6":
  version: 2.5.6
  resolution: "@parcel/watcher-linux-arm-musl@npm:2.5.6"
  conditions: os=linux & cpu=arm & libc=musl
  languageName: node
  linkType: hard

"@parcel/watcher-linux-arm64-glibc@npm:2.5.6":
  version: 2.5.6
  resolution: "@parcel/watcher-linux-arm64-glibc@npm:2.5.6"
  conditions: os=linux & cpu=arm64 & libc=glibc
  languageName: node
  linkType: hard

"@parcel/watcher-linux-arm64-musl@npm:2.5.6":
  version: 2.5.6
  resolution: "@parcel/watcher-linux-arm64-musl@npm:2.5.6"
  conditions: os=linux & cpu=arm64 & libc=musl
  languageName: node
  linkType: hard

"@parcel/watcher-linux-x64-glibc@npm:2.5.6":
  version: 2.5.6
  resolution: "@parcel/watcher-linux-x64-glibc@npm:2.5.6"
  conditions: os=linux & cpu=x64 & libc=glibc
  languageName: node
  linkType: hard

"@parcel/watcher-linux-x64-musl@npm:2.5.6":
  version: 2.5.6
  resolution: "@parcel/watcher-linux-x64-musl@npm:2.5.6"
  conditions: os=linux & cpu=x64 & libc=musl
  languageName: node
  linkType: hard

"@parcel/watcher-win32-arm64@npm:2.5.6":
  version: 2.5.6
  resolution: "@parcel/watcher-win32-arm64@npm:2.5.6"
  conditions: os=win32 & cpu=arm64
  languageName: node
  linkType: hard

"@parcel/watcher-win32-ia32@npm:2.5.6":
  version: 2.5.6
  resolution: "@parcel/watcher-win32-ia32@npm:2.5.6"
  conditions: os=win32 & cpu=ia32
  languageName: node
  linkType: hard

"@parcel/watcher-win32-x64@npm:2.5.6":
  version: 2.5.6
  resolution: "@parcel/watcher-win32-x64@npm:2.5.6"
  conditions: os=win32 & cpu=x64
  languageName: node
  linkType: hard

"@parcel/watcher@npm:^2.4.1":
  version: 2.5.6
  resolution: "@parcel/watcher@npm:2.5.6"
  dependencies:
    "@parcel/watcher-android-arm64": "npm:2.5.6"
    "@parcel/watcher-darwin-arm64": "npm:2.5.6"
    "@parcel/watcher-darwin-x64": "npm:2.5.6"
    "@parcel/watcher-freebsd-x64": "npm:2.5.6"
    "@parcel/watcher-linux-arm-glibc": "npm:2.5.6"
    "@parcel/watcher-linux-arm-musl": "npm:2.5.6"
    "@parcel/watcher-linux-arm64-glibc": "npm:2.5.6"
    "@parcel/watcher-linux-arm64-musl": "npm:2.5.6"
    "@parcel/watcher-linux-x64-glibc": "npm:2.5.6"
    "@parcel/watcher-linux-x64-musl": "npm:2.5.6"
    "@parcel/watcher-win32-arm64": "npm:2.5.6"
    "@parcel/watcher-win32-ia32": "npm:2.5.6"
    "@parcel/watcher-win32-x64": "npm:2.5.6"
    detect-libc: "npm:^2.0.3"
    is-glob: "npm:^4.0.3"
    node-addon-api: "npm:^7.0.0"
    node-gyp: "npm:latest"
    picomatch: "npm:^4.0.3"
  dependenciesMeta:
    "@parcel/watcher-android-arm64":
      optional: true
    "@parcel/watcher-darwin-arm64":
      optional: true
    "@parcel/watcher-darwin-x64":
      optional: true
    "@parcel/watcher-freebsd-x64":
      optional: true
    "@parcel/watcher-linux-arm-glibc":
      optional: true
    "@parcel/watcher-linux-arm-musl":
      optional: true
    "@parcel/watcher-linux-arm64-glibc":
      optional: true
    "@parcel/watcher-linux-arm64-musl":
      optional: true
    "@parcel/watcher-linux-x64-glibc":
      optional: true
    "@parcel/watcher-linux-x64-musl":
      optional: true
    "@parcel/watcher-win32-arm64":
      optional: true
    "@parcel/watcher-win32-ia32":
      optional: true
    "@parcel/watcher-win32-x64":
      optional: true
  checksum: 10c0/1e1d91f92e94e4640089a7cead243b2b81ca9aa8e1c862a97a25f589e84fbf1ad93abeb503f325c43a8c0e024ae0e74b48ec42c1cd84e8e423a3a87d25ded4f2
  languageName: node
  linkType: hard

"@rollup/rollup-android-arm-eabi@npm:4.62.2":
  version: 4.62.2
  resolution: "@rollup/rollup-android-arm-eabi@npm:4.62.2"
  conditions: os=android & cpu=arm
  languageName: node
  linkType: hard

"@rollup/rollup-android-arm64@npm:4.62.2":
  version: 4.62.2
  resolution: "@rollup/rollup-android-arm64@npm:4.62.2"
  conditions: os=android & cpu=arm64
  languageName: node
  linkType: hard

"@rollup/rollup-darwin-arm64@npm:4.62.2":
  version: 4.62.2
  resolution: "@rollup/rollup-darwin-arm64@npm:4.62.2"
  conditions: os=darwin & cpu=arm64
  languageName: node
  linkType: hard

"@rollup/rollup-darwin-x64@npm:4.62.2":
  version: 4.62.2
  resolution: "@rollup/rollup-darwin-x64@npm:4.62.2"
  conditions: os=darwin & cpu=x64
  languageName: node
  linkType: hard

"@rollup/rollup-freebsd-arm64@npm:4.62.2":
  version: 4.62.2
  resolution: "@rollup/rollup-freebsd-arm64@npm:4.62.2"
  conditions: os=freebsd & cpu=arm64
  languageName: node
  linkType: hard

"@rollup/rollup-freebsd-x64@npm:4.62.2":
  version: 4.62.2
  resolution: "@rollup/rollup-freebsd-x64@npm:4.62.2"
  conditions: os=freebsd & cpu=x64
  languageName: node
  linkType: hard

"@rollup/rollup-linux-arm-gnueabihf@npm:4.62.2":
  version: 4.62.2
  resolution: "@rollup/rollup-linux-arm-gnueabihf@npm:4.62.2"
  conditions: os=linux & cpu=arm & libc=glibc
  languageName: node
  linkType: hard

"@rollup/rollup-linux-arm-musleabihf@npm:4.62.2":
  version: 4.62.2
  resolution: "@rollup/rollup-linux-arm-musleabihf@npm:4.62.2"
  conditions: os=linux & cpu=arm & libc=musl
  languageName: node
  linkType: hard

"@rollup/rollup-linux-arm64-gnu@npm:4.62.2":
  version: 4.62.2
  resolution: "@rollup/rollup-linux-arm64-gnu@npm:4.62.2"
  conditions: os=linux & cpu=arm64 & libc=glibc
  languageName: node
  linkType: hard

"@rollup/rollup-linux-arm64-musl@npm:4.62.2":
  version: 4.62.2
  resolution: "@rollup/rollup-linux-arm64-musl@npm:4.62.2"
  conditions: os=linux & cpu=arm64 & libc=musl
  languageName: node
  linkType: hard

"@rollup/rollup-linux-loong64-gnu@npm:4.62.2":
  version: 4.62.2
  resolution: "@rollup/rollup-linux-loong64-gnu@npm:4.62.2"
  conditions: os=linux & cpu=loong64 & libc=glibc
  languageName: node
  linkType: hard

"@rollup/rollup-linux-loong64-musl@npm:4.62.2":
  version: 4.62.2
  resolution: "@rollup/rollup-linux-loong64-musl@npm:4.62.2"
  conditions: os=linux & cpu=loong64 & libc=musl
  languageName: node
  linkType: hard

"@rollup/rollup-linux-ppc64-gnu@npm:4.62.2":
  version: 4.62.2
  resolution: "@rollup/rollup-linux-ppc64-gnu@npm:4.62.2"
  conditions: os=linux & cpu=ppc64 & libc=glibc
  languageName: node
  linkType: hard

"@rollup/rollup-linux-ppc64-musl@npm:4.62.2":
  version: 4.62.2
  resolution: "@rollup/rollup-linux-ppc64-musl@npm:4.62.2"
  conditions: os=linux & cpu=ppc64 & libc=musl
  languageName: node
  linkType: hard

"@rollup/rollup-linux-riscv64-gnu@npm:4.62.2":
  version: 4.62.2
  resolution: "@rollup/rollup-linux-riscv64-gnu@npm:4.62.2"
  conditions: os=linux & cpu=riscv64 & libc=glibc
  languageName: node
  linkType: hard

"@rollup/rollup-linux-riscv64-musl@npm:4.62.2":
  version: 4.62.2
  resolution: "@rollup/rollup-linux-riscv64-musl@npm:4.62.2"
  conditions: os=linux & cpu=riscv64 & libc=musl
  languageName: node
  linkType: hard

"@rollup/rollup-linux-s390x-gnu@npm:4.62.2":
  version: 4.62.2
  resolution: "@rollup/rollup-linux-s390x-gnu@npm:4.62.2"
  conditions: os=linux & cpu=s390x & libc=glibc
  languageName: node
  linkType: hard

"@rollup/rollup-linux-x64-gnu@npm:4.62.2":
  version: 4.62.2
  resolution: "@rollup/rollup-linux-x64-gnu@npm:4.62.2"
  conditions: os=linux & cpu=x64 & libc=glibc
  languageName: node
  linkType: hard

"@rollup/rollup-linux-x64-musl@npm:4.62.2":
  version: 4.62.2
  resolution: "@rollup/rollup-linux-x64-musl@npm:4.62.2"
  conditions: os=linux & cpu=x64 & libc=musl
  languageName: node
  linkType: hard

"@rollup/rollup-openbsd-x64@npm:4.62.2":
  version: 4.62.2
  resolution: "@rollup/rollup-openbsd-x64@npm:4.62.2"
  conditions: os=openbsd & cpu=x64
  languageName: node
  linkType: hard

"@rollup/rollup-openharmony-arm64@npm:4.62.2":
  version: 4.62.2
  resolution: "@rollup/rollup-openharmony-arm64@npm:4.62.2"
  conditions: os=openharmony & cpu=arm64
  languageName: node
  linkType: hard

"@rollup/rollup-win32-arm64-msvc@npm:4.62.2":
  version: 4.62.2
  resolution: "@rollup/rollup-win32-arm64-msvc@npm:4.62.2"
  conditions: os=win32 & cpu=arm64
  languageName: node
  linkType: hard

"@rollup/rollup-win32-ia32-msvc@npm:4.62.2":
  version: 4.62.2
  resolution: "@rollup/rollup-win32-ia32-msvc@npm:4.62.2"
  conditions: os=win32 & cpu=ia32
  languageName: node
  linkType: hard

"@rollup/rollup-win32-x64-gnu@npm:4.62.2":
  version: 4.62.2
  resolution: "@rollup/rollup-win32-x64-gnu@npm:4.62.2"
  conditions: os=win32 & cpu=x64
  languageName: node
  linkType: hard

"@rollup/rollup-win32-x64-msvc@npm:4.62.2":
  version: 4.62.2
  resolution: "@rollup/rollup-win32-x64-msvc@npm:4.62.2"
  conditions: os=win32 & cpu=x64
  languageName: node
  linkType: hard

"@sveltejs/vite-plugin-svelte-inspector@npm:^1.0.4":
  version: 1.0.4
  resolution: "@sveltejs/vite-plugin-svelte-inspector@npm:1.0.4"
  dependencies:
    debug: "npm:^4.3.4"
  peerDependencies:
    "@sveltejs/vite-plugin-svelte": ^2.2.0
    svelte: ^3.54.0 || ^4.0.0
    vite: ^4.0.0
  checksum: 10c0/f21cb6bde0d8cce505c558dcb786d00e514c270848d9ff21dca12bc8335588e1bd05215fe3cd7478c8a6779bae7a75629b68d484fcdf309d759f25ee58ea771e
  languageName: node
  linkType: hard

"@sveltejs/vite-plugin-svelte@npm:^2.5.3":
  version: 2.5.3
  resolution: "@sveltejs/vite-plugin-svelte@npm:2.5.3"
  dependencies:
    "@sveltejs/vite-plugin-svelte-inspector": "npm:^1.0.4"
    debug: "npm:^4.3.4"
    deepmerge: "npm:^4.3.1"
    kleur: "npm:^4.1.5"
    magic-string: "npm:^0.30.3"
    svelte-hmr: "npm:^0.15.3"
    vitefu: "npm:^0.2.4"
  peerDependencies:
    svelte: ^3.54.0 || ^4.0.0 || ^5.0.0-next.0
    vite: ^4.0.0
  checksum: 10c0/613a4ad18a946ddee7b82cae0d892040a9459a5ac5137cbaa91a4b7b67d504409b5dbc02d268136a740b09e42531b7516f80a0f687ca4fe2b0d99e6e483c5d06
  languageName: node
  linkType: hard

"@tsconfig/svelte@npm:^4.0.1":
  version: 4.0.1
  resolution: "@tsconfig/svelte@npm:4.0.1"
  checksum: 10c0/f37b155fdeeef1f74cb72ce756941739e8990828d759d9ccab09c6c4a15bedf07c80e12cf8d2fb3af9a6c5222819bc9db999d069582b122ea5a67c4418949527
  languageName: node
  linkType: hard

"@types/estree@npm:1.0.9":
  version: 1.0.9
  resolution: "@types/estree@npm:1.0.9"
  checksum: 10c0/3ad3286ca2988cd550dafb8f2ad599c8474868e954fa601a36655bdfefd8039f7c714b8c1c7f2ae219ffbd58bd4660e66fa7479a0120fc02d4777057d4865387
  languageName: node
  linkType: hard

"@types/file-saver@npm:^2.0.7":
  version: 2.0.7
  resolution: "@types/file-saver@npm:2.0.7"
  checksum: 10c0/c6b88a1aea8eec58469da2a90828fef6e9d5d590c7094fb959783d7c32878af80d39439734f3d41b78355dadb507f606e3d04a29a160c85411c65251e58df847
  languageName: node
  linkType: hard

"@types/pug@npm:^2.0.6":
  version: 2.0.10
  resolution: "@types/pug@npm:2.0.10"
  checksum: 10c0/6fac37fd84ad4bcf755061caad274db70591699739070bc30c5c1b5f0aecf98646dc29ec8da11cfca82a2b7cc57d949a3ae50aba2f88bf098751ebdd25d9aaea
  languageName: node
  linkType: hard

"abbrev@npm:^5.0.0":
  version: 5.0.0
  resolution: "abbrev@npm:5.0.0"
  checksum: 10c0/8e88f5c798ea4562d28c5a3e9ad69e3879890bc5d695d8f2dffb8609be4c890aacc8f80ef4553fdd2c6a62d70c2ce8bc57b38074e383beb7487bdafa9ed42ea5
  languageName: node
  linkType: hard

"balanced-match@npm:^1.0.0":
  version: 1.0.2
  resolution: "balanced-match@npm:1.0.2"
  checksum: 10c0/9308baf0a7e4838a82bbfd11e01b1cb0f0cf2893bc1676c27c2a8c0e70cbae1c59120c3268517a8ae7fb6376b4639ef81ca22582611dbee4ed28df945134aaee
  languageName: node
  linkType: hard

"brace-expansion@npm:^1.1.7":
  version: 1.1.16
  resolution: "brace-expansion@npm:1.1.16"
  dependencies:
    balanced-match: "npm:^1.0.0"
    concat-map: "npm:0.0.1"
  checksum: 10c0/b2a915bbedbf4e45840d1fb9a4d391bbf26a79475bd134714d3cee34f1f0edb0ce982738028843be5fbaf8039429f71fa487df8c915b6065ced542c83e58fae6
  languageName: node
  linkType: hard

"buffer-crc32@npm:^1.0.0":
  version: 1.0.0
  resolution: "buffer-crc32@npm:1.0.0"
  checksum: 10c0/8b86e161cee4bb48d5fa622cbae4c18f25e4857e5203b89e23de59e627ab26beb82d9d7999f2b8de02580165f61f83f997beaf02980cdf06affd175b651921ab
  languageName: node
  linkType: hard

"chokidar@npm:^5.0.0":
  version: 5.0.0
  resolution: "chokidar@npm:5.0.0"
  dependencies:
    readdirp: "npm:^5.0.0"
  checksum: 10c0/42fc907cb2a7ff5c9e220f84dae75380a77997f851c2a5e7865a2cf9ae45dd407a23557208cdcdbf3ac8c93341135a1748e4c48c31855f3bfa095e5159b6bdec
  languageName: node
  linkType: hard

"chownr@npm:^3.0.0":
  version: 3.0.0
  resolution: "chownr@npm:3.0.0"
  checksum: 10c0/43925b87700f7e3893296c8e9c56cc58f926411cce3a6e5898136daaf08f08b9a8eb76d37d3267e707d0dcc17aed2e2ebdf5848c0c3ce95cf910a919935c1b10
  languageName: node
  linkType: hard

"concat-map@npm:0.0.1":
  version: 0.0.1
  resolution: "concat-map@npm:0.0.1"
  checksum: 10c0/c996b1cfdf95b6c90fee4dae37e332c8b6eb7d106430c17d538034c0ad9a1630cb194d2ab37293b1bdd4d779494beee7786d586a50bd9376fd6f7bcc2bd4c98f
  languageName: node
  linkType: hard

"debug@npm:^4.3.4":
  version: 4.4.3
  resolution: "debug@npm:4.4.3"
  dependencies:
    ms: "npm:^2.1.3"
  peerDependenciesMeta:
    supports-color:
      optional: true
  checksum: 10c0/d79136ec6c83ecbefd0f6a5593da6a9c91ec4d7ddc4b54c883d6e71ec9accb5f67a1a5e96d00a328196b5b5c86d365e98d8a3a70856aaf16b4e7b1985e67f5a6
  languageName: node
  linkType: hard

"deepmerge@npm:^4.3.1":
  version: 4.3.1
  resolution: "deepmerge@npm:4.3.1"
  checksum: 10c0/e53481aaf1aa2c4082b5342be6b6d8ad9dfe387bc92ce197a66dea08bd4265904a087e75e464f14d1347cf2ac8afe1e4c16b266e0561cc5df29382d3c5f80044
  languageName: node
  linkType: hard

"detect-indent@npm:^6.1.0":
  version: 6.1.0
  resolution: "detect-indent@npm:6.1.0"
  checksum: 10c0/dd83cdeda9af219cf77f5e9a0dc31d828c045337386cfb55ce04fad94ba872ee7957336834154f7647b89b899c3c7acc977c57a79b7c776b506240993f97acc7
  languageName: node
  linkType: hard

"detect-libc@npm:^2.0.3":
  version: 2.1.2
  resolution: "detect-libc@npm:2.1.2"
  checksum: 10c0/acc675c29a5649fa1fb6e255f993b8ee829e510b6b56b0910666949c80c364738833417d0edb5f90e4e46be17228b0f2b66a010513984e18b15deeeac49369c4
  languageName: node
  linkType: hard

"env-paths@npm:^2.2.0":
  version: 2.2.1
  resolution: "env-paths@npm:2.2.1"
  checksum: 10c0/285325677bf00e30845e330eec32894f5105529db97496ee3f598478e50f008c5352a41a30e5e72ec9de8a542b5a570b85699cd63bd2bc646dbcb9f311d83bc4
  languageName: node
  linkType: hard

"es6-promise@npm:^3.1.2":
  version: 3.3.1
  resolution: "es6-promise@npm:3.3.1"
  checksum: 10c0/b4fc87cb8509c001f62f860f97b05d1fd3f87220c8b832578e6a483c719ca272b73a77f2231cb26395fa865e1cab2fd4298ab67786b69e97b8d757b938f4fc1f
  languageName: node
  linkType: hard

"esbuild@npm:^0.25.0":
  version: 0.25.12
  resolution: "esbuild@npm:0.25.12"
  dependencies:
    "@esbuild/aix-ppc64": "npm:0.25.12"
    "@esbuild/android-arm": "npm:0.25.12"
    "@esbuild/android-arm64": "npm:0.25.12"
    "@esbuild/android-x64": "npm:0.25.12"
    "@esbuild/darwin-arm64": "npm:0.25.12"
    "@esbuild/darwin-x64": "npm:0.25.12"
    "@esbuild/freebsd-arm64": "npm:0.25.12"
    "@esbuild/freebsd-x64": "npm:0.25.12"
    "@esbuild/linux-arm": "npm:0.25.12"
    "@esbuild/linux-arm64": "npm:0.25.12"
    "@esbuild/linux-ia32": "npm:0.25.12"
    "@esbuild/linux-loong64": "npm:0.25.12"
    "@esbuild/linux-mips64el": "npm:0.25.12"
    "@esbuild/linux-ppc64": "npm:0.25.12"
    "@esbuild/linux-riscv64": "npm:0.25.12"
    "@esbuild/linux-s390x": "npm:0.25.12"
    "@esbuild/linux-x64": "npm:0.25.12"
    "@esbuild/netbsd-arm64": "npm:0.25.12"
    "@esbuild/netbsd-x64": "npm:0.25.12"
    "@esbuild/openbsd-arm64": "npm:0.25.12"
    "@esbuild/openbsd-x64": "npm:0.25.12"
    "@esbuild/openharmony-arm64": "npm:0.25.12"
    "@esbuild/sunos-x64": "npm:0.25.12"
    "@esbuild/win32-arm64": "npm:0.25.12"
    "@esbuild/win32-ia32": "npm:0.25.12"
    "@esbuild/win32-x64": "npm:0.25.12"
  dependenciesMeta:
    "@esbuild/aix-ppc64":
      optional: true
    "@esbuild/android-arm":
      optional: true
    "@esbuild/android-arm64":
      optional: true
    "@esbuild/android-x64":
      optional: true
    "@esbuild/darwin-arm64":
      optional: true
    "@esbuild/darwin-x64":
      optional: true
    "@esbuild/freebsd-arm64":
      optional: true
    "@esbuild/freebsd-x64":
      optional: true
    "@esbuild/linux-arm":
      optional: true
    "@esbuild/linux-arm64":
      optional: true
    "@esbuild/linux-ia32":
      optional: true
    "@esbuild/linux-loong64":
      optional: true
    "@esbuild/linux-mips64el":
      optional: true
    "@esbuild/linux-ppc64":
      optional: true
    "@esbuild/linux-riscv64":
      optional: true
    "@esbuild/linux-s390x":
      optional: true
    "@esbuild/linux-x64":
      optional: true
    "@esbuild/netbsd-arm64":
      optional: true
    "@esbuild/netbsd-x64":
      optional: true
    "@esbuild/openbsd-arm64":
      optional: true
    "@esbuild/openbsd-x64":
      optional: true
    "@esbuild/openharmony-arm64":
      optional: true
    "@esbuild/sunos-x64":
      optional: true
    "@esbuild/win32-arm64":
      optional: true
    "@esbuild/win32-ia32":
      optional: true
    "@esbuild/win32-x64":
      optional: true
  bin:
    esbuild: bin/esbuild
  checksum: 10c0/c205357531423220a9de8e1e6c6514242bc9b1666e762cd67ccdf8fdfdc3f1d0bd76f8d9383958b97ad4c953efdb7b6e8c1f9ca5951cd2b7c5235e8755b34a6b
  languageName: node
  linkType: hard

"exponential-backoff@npm:^3.1.1":
  version: 3.1.3
  resolution: "exponential-backoff@npm:3.1.3"
  checksum: 10c0/77e3ae682b7b1f4972f563c6dbcd2b0d54ac679e62d5d32f3e5085feba20483cf28bd505543f520e287a56d4d55a28d7874299941faf637e779a1aa5994d1267
  languageName: node
  linkType: hard

"fdir@npm:^6.4.4, fdir@npm:^6.5.0":
  version: 6.5.0
  resolution: "fdir@npm:6.5.0"
  peerDependencies:
    picomatch: ^3 || ^4
  peerDependenciesMeta:
    picomatch:
      optional: true
  checksum: 10c0/e345083c4306b3aed6cb8ec551e26c36bab5c511e99ea4576a16750ddc8d3240e63826cc624f5ae17ad4dc82e68a253213b60d556c11bfad064b7607847ed07f
  languageName: node
  linkType: hard

"file-saver@npm:^2.0.5":
  version: 2.0.5
  resolution: "file-saver@npm:2.0.5"
  checksum: 10c0/0a361f683786c34b2574aea53744cb70d0a6feb0fa5e3af00f2fcb6c9d40d3049cc1470e38c6c75df24219f247f6fb3076f86943958f580e62ee2ffe897af8b1
  languageName: node
  linkType: hard

"fs.realpath@npm:^1.0.0":
  version: 1.0.0
  resolution: "fs.realpath@npm:1.0.0"
  checksum: 10c0/444cf1291d997165dfd4c0d58b69f0e4782bfd9149fd72faa4fe299e68e0e93d6db941660b37dd29153bf7186672ececa3b50b7e7249477b03fdf850f287c948
  languageName: node
  linkType: hard

"fsevents@npm:~2.3.2, fsevents@npm:~2.3.3":
  version: 2.3.3
  resolution: "fsevents@npm:2.3.3"
  dependencies:
    node-gyp: "npm:latest"
  checksum: 10c0/a1f0c44595123ed717febbc478aa952e47adfc28e2092be66b8ab1635147254ca6cfe1df792a8997f22716d4cbafc73309899ff7bfac2ac3ad8cf2e4ecc3ec60
  conditions: os=darwin
  languageName: node
  linkType: hard

"fsevents@patch:fsevents@npm%3A~2.3.2#optional!builtin<compat/fsevents>, fsevents@patch:fsevents@npm%3A~2.3.3#optional!builtin<compat/fsevents>":
  version: 2.3.3
  resolution: "fsevents@patch:fsevents@npm%3A2.3.3#optional!builtin<compat/fsevents>::version=2.3.3&hash=df0bf1"
  dependencies:
    node-gyp: "npm:latest"
  conditions: os=darwin
  languageName: node
  linkType: hard

"glob@npm:^7.1.3":
  version: 7.2.3
  resolution: "glob@npm:7.2.3"
  dependencies:
    fs.realpath: "npm:^1.0.0"
    inflight: "npm:^1.0.4"
    inherits: "npm:2"
    minimatch: "npm:^3.1.1"
    once: "npm:^1.3.0"
    path-is-absolute: "npm:^1.0.0"
  checksum: 10c0/65676153e2b0c9095100fe7f25a778bf45608eeb32c6048cf307f579649bcc30353277b3b898a3792602c65764e5baa4f643714dfbdfd64ea271d210c7a425fe
  languageName: node
  linkType: hard

"graceful-fs@npm:^4.1.3, graceful-fs@npm:^4.2.6":
  version: 4.2.11
  resolution: "graceful-fs@npm:4.2.11"
  checksum: 10c0/386d011a553e02bc594ac2ca0bd6d9e4c22d7fa8cfbfc448a6d148c59ea881b092db9dbe3547ae4b88e55f1b01f7c4a2ecc53b310c042793e63aa44cf6c257f2
  languageName: node
  linkType: hard

"immutable@npm:^5.1.5":
  version: 5.1.9
  resolution: "immutable@npm:5.1.9"
  checksum: 10c0/ae7032b60b81b682f3e7e4df13e1ec9a401a603eb81b15bb3e37331ed6666e318c71994c6936e1462eb443d32d04769396562a7e2669da22457c8ba279c03ad2
  languageName: node
  linkType: hard

"inflight@npm:^1.0.4":
  version: 1.0.6
  resolution: "inflight@npm:1.0.6"
  dependencies:
    once: "npm:^1.3.0"
    wrappy: "npm:1"
  checksum: 10c0/7faca22584600a9dc5b9fca2cd5feb7135ac8c935449837b315676b4c90aa4f391ec4f42240178244b5a34e8bede1948627fda392ca3191522fc46b34e985ab2
  languageName: node
  linkType: hard

"inherits@npm:2":
  version: 2.0.4
  resolution: "inherits@npm:2.0.4"
  checksum: 10c0/4e531f648b29039fb7426fb94075e6545faa1eb9fe83c29f0b6d9e7263aceb4289d2d4557db0d428188eeb449cc7c5e77b0a0b2c4e248ff2a65933a0dee49ef2
  languageName: node
  linkType: hard

"is-extglob@npm:^2.1.1":
  version: 2.1.1
  resolution: "is-extglob@npm:2.1.1"
  checksum: 10c0/5487da35691fbc339700bbb2730430b07777a3c21b9ebaecb3072512dfd7b4ba78ac2381a87e8d78d20ea08affb3f1971b4af629173a6bf435ff8a4c47747912
  languageName: node
  linkType: hard

"is-glob@npm:^4.0.3":
  version: 4.0.3
  resolution: "is-glob@npm:4.0.3"
  dependencies:
    is-extglob: "npm:^2.1.1"
  checksum: 10c0/17fb4014e22be3bbecea9b2e3a76e9e34ff645466be702f1693e8f1ee1adac84710d0be0bd9f967d6354036fd51ab7c2741d954d6e91dae6bb69714de92c197a
  languageName: node
  linkType: hard

"isexe@npm:^4.0.0":
  version: 4.0.0
  resolution: "isexe@npm:4.0.0"
  checksum: 10c0/5884815115bceac452877659a9c7726382531592f43dc29e5d48b7c4100661aed54018cb90bd36cb2eaeba521092570769167acbb95c18d39afdccbcca06c5ce
  languageName: node
  linkType: hard

"kleur@npm:^4.1.5":
  version: 4.1.5
  resolution: "kleur@npm:4.1.5"
  checksum: 10c0/e9de6cb49657b6fa70ba2d1448fd3d691a5c4370d8f7bbf1c2f64c24d461270f2117e1b0afe8cb3114f13bbd8e51de158c2a224953960331904e636a5e4c0f2a
  languageName: node
  linkType: hard

"ktane-iconic-editor@workspace:.":
  version: 0.0.0-use.local
  resolution: "ktane-iconic-editor@workspace:."
  dependencies:
    "@sveltejs/vite-plugin-svelte": "npm:^2.5.3"
    "@tsconfig/svelte": "npm:^4.0.1"
    "@types/file-saver": "npm:^2.0.7"
    file-saver: "npm:^2.0.5"
    prettier: "npm:^2.8.8"
    prettier-plugin-svelte: "npm:^2.10.1"
    sass: "npm:^1.99.0"
    svelte: "npm:^3.58.0"
    svelte-dnd-action: "npm:^0.9.69"
    svelte-preprocess: "npm:^5.0.3"
    typescript: "npm:^5.9.3"
    vite: "npm:^6.4.3"
  languageName: unknown
  linkType: soft

"magic-string@npm:^0.30.3, magic-string@npm:^0.30.5":
  version: 0.30.21
  resolution: "magic-string@npm:0.30.21"
  dependencies:
    "@jridgewell/sourcemap-codec": "npm:^1.5.5"
  checksum: 10c0/299378e38f9a270069fc62358522ddfb44e94244baa0d6a8980ab2a9b2490a1d03b236b447eee309e17eb3bddfa482c61259d47960eb018a904f0ded52780c4a
  languageName: node
  linkType: hard

"min-indent@npm:^1.0.0":
  version: 1.0.1
  resolution: "min-indent@npm:1.0.1"
  checksum: 10c0/7e207bd5c20401b292de291f02913230cb1163abca162044f7db1d951fa245b174dc00869d40dd9a9f32a885ad6a5f3e767ee104cf278f399cb4e92d3f582d5c
  languageName: node
  linkType: hard

"minimatch@npm:^3.1.1":
  version: 3.1.5
  resolution: "minimatch@npm:3.1.5"
  dependencies:
    brace-expansion: "npm:^1.1.7"
  checksum: 10c0/2ecbdc0d33f07bddb0315a8b5afbcb761307a8778b48f0b312418ccbced99f104a2d17d8aca7573433c70e8ccd1c56823a441897a45e384ea76ef401a26ace70
  languageName: node
  linkType: hard

"minimist@npm:^1.2.0, minimist@npm:^1.2.6":
  version: 1.2.8
  resolution: "minimist@npm:1.2.8"
  checksum: 10c0/19d3fcdca050087b84c2029841a093691a91259a47def2f18222f41e7645a0b7c44ef4b40e88a1e58a40c84d2ef0ee6047c55594d298146d0eb3f6b737c20ce6
  languageName: node
  linkType: hard

"minipass@npm:^7.0.4, minipass@npm:^7.1.2":
  version: 7.1.3
  resolution: "minipass@npm:7.1.3"
  checksum: 10c0/539da88daca16533211ea5a9ee98dc62ff5742f531f54640dd34429e621955e91cc280a91a776026264b7f9f6735947629f920944e9c1558369e8bf22eb33fbb
  languageName: node
  linkType: hard

"minizlib@npm:^3.1.0":
  version: 3.1.0
  resolution: "minizlib@npm:3.1.0"
  dependencies:
    minipass: "npm:^7.1.2"
  checksum: 10c0/5aad75ab0090b8266069c9aabe582c021ae53eb33c6c691054a13a45db3b4f91a7fb1bd79151e6b4e9e9a86727b522527c0a06ec7d45206b745d54cd3097bcec
  languageName: node
  linkType: hard

"mkdirp@npm:^0.5.1":
  version: 0.5.6
  resolution: "mkdirp@npm:0.5.6"
  dependencies:
    minimist: "npm:^1.2.6"
  bin:
    mkdirp: bin/cmd.js
  checksum: 10c0/e2e2be789218807b58abced04e7b49851d9e46e88a2f9539242cc8a92c9b5c3a0b9bab360bd3014e02a140fc4fbc58e31176c408b493f8a2a6f4986bd7527b01
  languageName: node
  linkType: hard

"ms@npm:^2.1.3":
  version: 2.1.3
  resolution: "ms@npm:2.1.3"
  checksum: 10c0/d924b57e7312b3b63ad21fc5b3dc0af5e78d61a1fc7cfb5457edaf26326bf62be5307cc87ffb6862ef1c2b33b0233cdb5d4f01c4c958cc0d660948b65a287a48
  languageName: node
  linkType: hard

"nanoid@npm:^3.3.12":
  version: 3.3.16
  resolution: "nanoid@npm:3.3.16"
  bin:
    nanoid: bin/nanoid.cjs
  checksum: 10c0/bbf2dcffe22d2b62d16de2711752070b539c0f644c7916f823ad6521986b2078cbe524f2d6240f58c46e9141ea0c7b87a029e100c0f7f175228cacaf30e41bba
  languageName: node
  linkType: hard

"node-addon-api@npm:^7.0.0":
  version: 7.1.1
  resolution: "node-addon-api@npm:7.1.1"
  dependencies:
    node-gyp: "npm:latest"
  checksum: 10c0/fb32a206276d608037fa1bcd7e9921e177fe992fc610d098aa3128baca3c0050fc1e014fa007e9b3874cf865ddb4f5bd9f43ccb7cbbbe4efaff6a83e920b17e9
  languageName: node
  linkType: hard

"node-gyp@npm:latest":
  version: 13.0.1
  resolution: "node-gyp@npm:13.0.1"
  dependencies:
    env-paths: "npm:^2.2.0"
    exponential-backoff: "npm:^3.1.1"
    graceful-fs: "npm:^4.2.6"
    nopt: "npm:^10.0.0"
    proc-log: "npm:^7.0.0"
    semver: "npm:^7.3.5"
    tar: "npm:^7.5.4"
    tinyglobby: "npm:^0.2.12"
    undici: "npm:^8.4.1"
    which: "npm:^7.0.0"
  bin:
    node-gyp: bin/node-gyp.js
  checksum: 10c0/424077bc9e9bbe953a8e86db473ba818cbc6a121714008c977fd589e21e5f0c811fbf22faac730dc7182450b5e52df301811d01ae3373898658d999b7710f4e6
  languageName: node
  linkType: hard

"nopt@npm:^10.0.0":
  version: 10.0.1
  resolution: "nopt@npm:10.0.1"
  dependencies:
    abbrev: "npm:^5.0.0"
  bin:
    nopt: bin/nopt.js
  checksum: 10c0/980d89257f9587f3e1f77877ddbf905d6aa3b738ec33e49a4fa1a059a0dd82eb28063982b150654a7ae9de386f2ead60e56172db7d37cf56de545f7392a2a26a
  languageName: node
  linkType: hard

"once@npm:^1.3.0":
  version: 1.4.0
  resolution: "once@npm:1.4.0"
  dependencies:
    wrappy: "npm:1"
  checksum: 10c0/5d48aca287dfefabd756621c5dfce5c91a549a93e9fdb7b8246bc4c4790aa2ec17b34a260530474635147aeb631a2dcc8b32c613df0675f96041cbb8244517d0
  languageName: node
  linkType: hard

"path-is-absolute@npm:^1.0.0":
  version: 1.0.1
  resolution: "path-is-absolute@npm:1.0.1"
  checksum: 10c0/127da03c82172a2a50099cddbf02510c1791fc2cc5f7713ddb613a56838db1e8168b121a920079d052e0936c23005562059756d653b7c544c53185efe53be078
  languageName: node
  linkType: hard

"picocolors@npm:^1.1.1":
  version: 1.1.1
  resolution: "picocolors@npm:1.1.1"
  checksum: 10c0/e2e3e8170ab9d7c7421969adaa7e1b31434f789afb9b3f115f6b96d91945041ac3ceb02e9ec6fe6510ff036bcc0bf91e69a1772edc0b707e12b19c0f2d6bcf58
  languageName: node
  linkType: hard

"picomatch@npm:^4.0.2, picomatch@npm:^4.0.3, picomatch@npm:^4.0.4":
  version: 4.0.5
  resolution: "picomatch@npm:4.0.5"
  checksum: 10c0/947bc6b6e1ff1e6c5aaf95b107a0839d12802f4f7b867663f67d47accba939ca1cb582cf99dfc30438efa1c4648ac5990967e783e8929c36b03e8440704ef1bd
  languageName: node
  linkType: hard

"postcss@npm:^8.5.3":
  version: 8.5.17
  resolution: "postcss@npm:8.5.17"
  dependencies:
    nanoid: "npm:^3.3.12"
    picocolors: "npm:^1.1.1"
    source-map-js: "npm:^1.2.1"
  checksum: 10c0/5ff97c377a34becb6dc51262eb3f892c474459c682506eff04bac3b65bc6af4451802b40341af4e69956c05665a4a298dec975ba12d75e1310dfa3d89b9f587d
  languageName: node
  linkType: hard

"prettier-plugin-svelte@npm:^2.10.1":
  version: 2.10.1
  resolution: "prettier-plugin-svelte@npm:2.10.1"
  peerDependencies:
    prettier: ^1.16.4 || ^2.0.0
    svelte: ^3.2.0 || ^4.0.0-next.0
  checksum: 10c0/eb2e4ee49e703013f6b314186fc8de5e0e161c672261ba5e9344f00cde627c8ce08de0b750f42a72fcd6b5d541f83bc09e2891a1c17aede96b39a436d96bfa86
  languageName: node
  linkType: hard

"prettier@npm:^2.8.8":
  version: 2.8.8
  resolution: "prettier@npm:2.8.8"
  bin:
    prettier: bin-prettier.js
  checksum: 10c0/463ea8f9a0946cd5b828d8cf27bd8b567345cf02f56562d5ecde198b91f47a76b7ac9eae0facd247ace70e927143af6135e8cf411986b8cb8478784a4d6d724a
  languageName: node
  linkType: hard

"proc-log@npm:^7.0.0":
  version: 7.0.0
  resolution: "proc-log@npm:7.0.0"
  checksum: 10c0/b89c2d862604f35fec795477b0c7e376feab3ba0d4f4d291c4e959567442697cf451ac557d0623c1cc38af45a78128b983410f397a10c5d3a67f76c33de4754b
  languageName: node
  linkType: hard

"readdirp@npm:^5.0.0":
  version: 5.0.0
  resolution: "readdirp@npm:5.0.0"
  checksum: 10c0/faf1ec57cff2020f473128da3f8d2a57813cc3a08a36c38cae1c9af32c1579906cc50ba75578043b35bade77e945c098233665797cf9730ba3613a62d6e79219
  languageName: node
  linkType: hard

"rimraf@npm:^2.5.2":
  version: 2.7.1
  resolution: "rimraf@npm:2.7.1"
  dependencies:
    glob: "npm:^7.1.3"
  bin:
    rimraf: ./bin.js
  checksum: 10c0/4eef73d406c6940927479a3a9dee551e14a54faf54b31ef861250ac815172bade86cc6f7d64a4dc5e98b65e4b18a2e1c9ff3b68d296be0c748413f092bb0dd40
  languageName: node
  linkType: hard

"rollup@npm:^4.34.9":
  version: 4.62.2
  resolution: "rollup@npm:4.62.2"
  dependencies:
    "@rollup/rollup-android-arm-eabi": "npm:4.62.2"
    "@rollup/rollup-android-arm64": "npm:4.62.2"
    "@rollup/rollup-darwin-arm64": "npm:4.62.2"
    "@rollup/rollup-darwin-x64": "npm:4.62.2"
    "@rollup/rollup-freebsd-arm64": "npm:4.62.2"
    "@rollup/rollup-freebsd-x64": "npm:4.62.2"
    "@rollup/rollup-linux-arm-gnueabihf": "npm:4.62.2"
    "@rollup/rollup-linux-arm-musleabihf": "npm:4.62.2"
    "@rollup/rollup-linux-arm64-gnu": "npm:4.62.2"
    "@rollup/rollup-linux-arm64-musl": "npm:4.62.2"
    "@rollup/rollup-linux-loong64-gnu": "npm:4.62.2"
    "@rollup/rollup-linux-loong64-musl": "npm:4.62.2"
    "@rollup/rollup-linux-ppc64-gnu": "npm:4.62.2"
    "@rollup/rollup-linux-ppc64-musl": "npm:4.62.2"
    "@rollup/rollup-linux-riscv64-gnu": "npm:4.62.2"
    "@rollup/rollup-linux-riscv64-musl": "npm:4.62.2"
    "@rollup/rollup-linux-s390x-gnu": "npm:4.62.2"
    "@rollup/rollup-linux-x64-gnu": "npm:4.62.2"
    "@rollup/rollup-linux-x64-musl": "npm:4.62.2"
    "@rollup/rollup-openbsd-x64": "npm:4.62.2"
    "@rollup/rollup-openharmony-arm64": "npm:4.62.2"
    "@rollup/rollup-win32-arm64-msvc": "npm:4.62.2"
    "@rollup/rollup-win32-ia32-msvc": "npm:4.62.2"
    "@rollup/rollup-win32-x64-gnu": "npm:4.62.2"
    "@rollup/rollup-win32-x64-msvc": "npm:4.62.2"
    "@types/estree": "npm:1.0.9"
    fsevents: "npm:~2.3.2"
  dependenciesMeta:
    "@rollup/rollup-android-arm-eabi":
      optional: true
    "@rollup/rollup-android-arm64":
      optional: true
    "@rollup/rollup-darwin-arm64":
      optional: true
    "@rollup/rollup-darwin-x64":
      optional: true
    "@rollup/rollup-freebsd-arm64":
      optional: true
    "@rollup/rollup-freebsd-x64":
      optional: true
    "@rollup/rollup-linux-arm-gnueabihf":
      optional: true
    "@rollup/rollup-linux-arm-musleabihf":
      optional: true
    "@rollup/rollup-linux-arm64-gnu":
      optional: true
    "@rollup/rollup-linux-arm64-musl":
      optional: true
    "@rollup/rollup-linux-loong64-gnu":
      optional: true
    "@rollup/rollup-linux-loong64-musl":
      optional: true
    "@rollup/rollup-linux-ppc64-gnu":
      optional: true
    "@rollup/rollup-linux-ppc64-musl":
      optional: true
    "@rollup/rollup-linux-riscv64-gnu":
      optional: true
    "@rollup/rollup-linux-riscv64-musl":
      optional: true
    "@rollup/rollup-linux-s390x-gnu":
      optional: true
    "@rollup/rollup-linux-x64-gnu":
      optional: true
    "@rollup/rollup-linux-x64-musl":
      optional: true
    "@rollup/rollup-openbsd-x64":
      optional: true
    "@rollup/rollup-openharmony-arm64":
      optional: true
    "@rollup/rollup-win32-arm64-msvc":
      optional: true
    "@rollup/rollup-win32-ia32-msvc":
      optional: true
    "@rollup/rollup-win32-x64-gnu":
      optional: true
    "@rollup/rollup-win32-x64-msvc":
      optional: true
    fsevents:
      optional: true
  bin:
    rollup: dist/bin/rollup
  checksum: 10c0/83ff5f4a1fea3fa05db2ef56beceee8c33d4a72b818e19c562f1e85c41076fe5b12aadc44048bb73e60b83336df82154b017fa6bf0186f3141643e6f215fbdcb
  languageName: node
  linkType: hard

"sander@npm:^0.5.0":
  version: 0.5.1
  resolution: "sander@npm:0.5.1"
  dependencies:
    es6-promise: "npm:^3.1.2"
    graceful-fs: "npm:^4.1.3"
    mkdirp: "npm:^0.5.1"
    rimraf: "npm:^2.5.2"
  checksum: 10c0/ce1e423fe5b4e57926df7cc6bd24b70271adfbe7b8ff995784f98101878e037327ac31c7a4e317ac3e1579f410e41a477fef40c2376f0dfa4499c8864a26f499
  languageName: node
  linkType: hard

"sass@npm:^1.99.0":
  version: 1.101.0
  resolution: "sass@npm:1.101.0"
  dependencies:
    "@parcel/watcher": "npm:^2.4.1"
    chokidar: "npm:^5.0.0"
    immutable: "npm:^5.1.5"
    source-map-js: "npm:>=0.6.2 <2.0.0"
  dependenciesMeta:
    "@parcel/watcher":
      optional: true
  bin:
    sass: sass.js
  checksum: 10c0/1fbbcef2f767dec4d97773a2a084f4e1ef2e4abecf574e08743e52237069f1129a6b43b07b5c23aa3bcbf395509e40db758d9748a07940da227aa1626329a74d
  languageName: node
  linkType: hard

"semver@npm:^7.3.5":
  version: 7.8.5
  resolution: "semver@npm:7.8.5"
  bin:
    semver: bin/semver.js
  checksum: 10c0/b1f3127a5be8125a94f37188b361c212466c292c6910adce3ec106cff5dc211ccaedc4739c11bb70fda59d6fc1f040a9bca289f4e093451521a2372e5231fe0c
  languageName: node
  linkType: hard

"sorcery@npm:^0.11.0":
  version: 0.11.1
  resolution: "sorcery@npm:0.11.1"
  dependencies:
    "@jridgewell/sourcemap-codec": "npm:^1.4.14"
    buffer-crc32: "npm:^1.0.0"
    minimist: "npm:^1.2.0"
    sander: "npm:^0.5.0"
  bin:
    sorcery: bin/sorcery
  checksum: 10c0/b111350df1c6412d5d71b0e72db630dcc90fc99dc9fc61dc4355a2de17f5a6951453d6430d908ee92b9da03628fd9f4361fe2e261c604dcb000e89152c134f1b
  languageName: node
  linkType: hard

"source-map-js@npm:>=0.6.2 <2.0.0, source-map-js@npm:^1.2.1":
  version: 1.2.1
  resolution: "source-map-js@npm:1.2.1"
  checksum: 10c0/7bda1fc4c197e3c6ff17de1b8b2c20e60af81b63a52cb32ec5a5d67a20a7d42651e2cb34ebe93833c5a2a084377e17455854fee3e21e7925c64a51b6a52b0faf
  languageName: node
  linkType: hard

"strip-indent@npm:^3.0.0":
  version: 3.0.0
  resolution: "strip-indent@npm:3.0.0"
  dependencies:
    min-indent: "npm:^1.0.0"
  checksum: 10c0/ae0deaf41c8d1001c5d4fbe16cb553865c1863da4fae036683b474fa926af9fc121e155cb3fc57a68262b2ae7d5b8420aa752c97a6428c315d00efe2a3875679
  languageName: node
  linkType: hard

"svelte-dnd-action@npm:^0.9.69":
  version: 0.9.70
  resolution: "svelte-dnd-action@npm:0.9.70"
  peerDependencies:
    svelte: ">=3.23.0 || ^5.0.0-next.0"
  checksum: 10c0/997364255e5f74ba7b76c9eb3db529b0817b2329596db1808ad8dd9d1ed11a115f722da52bbc9b015da6d6beec008c460af365317266970ee96ea12fae9ff34b
  languageName: node
  linkType: hard

"svelte-hmr@npm:^0.15.3":
  version: 0.15.3
  resolution: "svelte-hmr@npm:0.15.3"
  peerDependencies:
    svelte: ^3.19.0 || ^4.0.0
  checksum: 10c0/80b6df78e4bc1dd8d1beb4cfc5c341a7839a444b41320cb1ff56c19741346ecc07ee7cc989d7083b02c40bad80d989d52b0defac4126cd0013eaac378f626d63
  languageName: node
  linkType: hard

"svelte-preprocess@npm:^5.0.3":
  version: 5.1.4
  resolution: "svelte-preprocess@npm:5.1.4"
  dependencies:
    "@types/pug": "npm:^2.0.6"
    detect-indent: "npm:^6.1.0"
    magic-string: "npm:^0.30.5"
    sorcery: "npm:^0.11.0"
    strip-indent: "npm:^3.0.0"
  peerDependencies:
    "@babel/core": ^7.10.2
    coffeescript: ^2.5.1
    less: ^3.11.3 || ^4.0.0
    postcss: ^7 || ^8
    postcss-load-config: ^2.1.0 || ^3.0.0 || ^4.0.0 || ^5.0.0
    pug: ^3.0.0
    sass: ^1.26.8
    stylus: ^0.55.0
    sugarss: ^2.0.0 || ^3.0.0 || ^4.0.0
    svelte: ^3.23.0 || ^4.0.0-next.0 || ^4.0.0 || ^5.0.0-next.0
    typescript: ">=3.9.5 || ^4.0.0 || ^5.0.0"
  peerDependenciesMeta:
    "@babel/core":
      optional: true
    coffeescript:
      optional: true
    less:
      optional: true
    postcss:
      optional: true
    postcss-load-config:
      optional: true
    pug:
      optional: true
    sass:
      optional: true
    stylus:
      optional: true
    sugarss:
      optional: true
    typescript:
      optional: true
  checksum: 10c0/fe968ee1d599a2c59c5a695e23cd3c2d15c5c316ce76ae644908521476f2e81b69dcf0cd3492deeb0a06140af497f994e4baf524d3d2c93986fad1c9267524ae
  languageName: node
  linkType: hard

"svelte@npm:^3.58.0":
  version: 3.59.2
  resolution: "svelte@npm:3.59.2"
  checksum: 10c0/3482d020b291c6784e372315d63e3ab5530b8389adbd739a369d69ec995929276ebbc1cbdf8e5382c9dd887a55ec655702769de85836270e1a4a0ab3e0247b34
  languageName: node
  linkType: hard

"tar@npm:^7.5.4":
  version: 7.5.20
  resolution: "tar@npm:7.5.20"
  dependencies:
    "@isaacs/fs-minipass": "npm:^4.0.0"
    chownr: "npm:^3.0.0"
    minipass: "npm:^7.1.2"
    minizlib: "npm:^3.1.0"
    yallist: "npm:^5.0.0"
  checksum: 10c0/4df4335c6d958b76adf1eaced55889dec3ca1c51f450658a074af80694bb0d9c154a8e93fdf4da617372d1575b121295379993961bbe4cd4b0867c0e5689846a
  languageName: node
  linkType: hard

"tinyglobby@npm:^0.2.12, tinyglobby@npm:^0.2.13":
  version: 0.2.17
  resolution: "tinyglobby@npm:0.2.17"
  dependencies:
    fdir: "npm:^6.5.0"
    picomatch: "npm:^4.0.4"
  checksum: 10c0/7f7bb0f197c88bc4b20c231e0deca4240ca3bf313a88f5a7fee93a872b84966a4d50220947c0455ad07a60b3b360961c5b7fd979222aeb716a9f99b412002e4c
  languageName: node
  linkType: hard

"typescript@npm:^5.9.3":
  version: 5.9.3
  resolution: "typescript@npm:5.9.3"
  bin:
    tsc: bin/tsc
    tsserver: bin/tsserver
  checksum: 10c0/6bd7552ce39f97e711db5aa048f6f9995b53f1c52f7d8667c1abdc1700c68a76a308f579cd309ce6b53646deb4e9a1be7c813a93baaf0a28ccd536a30270e1c5
  languageName: node
  linkType: hard

"typescript@patch:typescript@npm%3A^5.9.3#optional!builtin<compat/typescript>":
  version: 5.9.3
  resolution: "typescript@patch:typescript@npm%3A5.9.3#optional!builtin<compat/typescript>::version=5.9.3&hash=5786d5"
  bin:
    tsc: bin/tsc
    tsserver: bin/tsserver
  checksum: 10c0/ad09fdf7a756814dce65bc60c1657b40d44451346858eea230e10f2e95a289d9183b6e32e5c11e95acc0ccc214b4f36289dcad4bf1886b0adb84d711d336a430
  languageName: node
  linkType: hard

"undici@npm:^8.4.1":
  version: 8.7.0
  resolution: "undici@npm:8.7.0"
  checksum: 10c0/b7e5ecb4de82fa4f905011a77544fe7ba4da06f27167ff99313a7ae2869f3cb233d676dcd085533bc69f36989bc40871f5ae6ea6e4c9b91db92616b9e91b579d
  languageName: node
  linkType: hard

"vite@npm:^6.4.3":
  version: 6.4.3
  resolution: "vite@npm:6.4.3"
  dependencies:
    esbuild: "npm:^0.25.0"
    fdir: "npm:^6.4.4"
    fsevents: "npm:~2.3.3"
    picomatch: "npm:^4.0.2"
    postcss: "npm:^8.5.3"
    rollup: "npm:^4.34.9"
    tinyglobby: "npm:^0.2.13"
  peerDependencies:
    "@types/node": ^18.0.0 || ^20.0.0 || >=22.0.0
    jiti: ">=1.21.0"
    less: "*"
    lightningcss: ^1.21.0
    sass: "*"
    sass-embedded: "*"
    stylus: "*"
    sugarss: "*"
    terser: ^5.16.0
    tsx: ^4.8.1
    yaml: ^2.4.2
  dependenciesMeta:
    fsevents:
      optional: true
  peerDependenciesMeta:
    "@types/node":
      optional: true
    jiti:
      optional: true
    less:
      optional: true
    lightningcss:
      optional: true
    sass:
      optional: true
    sass-embedded:
      optional: true
    stylus:
      optional: true
    sugarss:
      optional: true
    terser:
      optional: true
    tsx:
      optional: true
    yaml:
      optional: true
  bin:
    vite: bin/vite.js
  checksum: 10c0/23ce22e50d5c7a87321f04b155c5bc3cf915e34e6c40918975741ed5e8b0c257039a643f1bc1cd829ee814ad92a138704e82084b7ebe40b399a62d8effea630c
  languageName: node
  linkType: hard

"vitefu@npm:^0.2.4":
  version: 0.2.5
  resolution: "vitefu@npm:0.2.5"
  peerDependencies:
    vite: ^3.0.0 || ^4.0.0 || ^5.0.0
  peerDependenciesMeta:
    vite:
      optional: true
  checksum: 10c0/5781ece3025b6be0eb87ee7d97760a7721b1c6c5ad60ede5f37c86393ece3c8fce4245472f62368eb192448034086e25bdcadf098eefc271277176ab9a430204
  languageName: node
  linkType: hard

"which@npm:^7.0.0":
  version: 7.0.0
  resolution: "which@npm:7.0.0"
  dependencies:
    isexe: "npm:^4.0.0"
  bin:
    node-which: bin/which.js
  checksum: 10c0/ca0b54f198f78bbc4b7c02e34bda8d335cb352e0adb4cbca1c37b1a957af3a879a82c4c27ca6525bc942f548d8b64f816ef6528360af9f3de55ffb9b979b620d
  languageName: node
  linkType: hard

"wrappy@npm:1":
  version: 1.0.2
  resolution: "wrappy@npm:1.0.2"
  checksum: 10c0/56fece1a4018c6a6c8e28fbc88c87e0fbf4ea8fd64fc6c63b18f4acc4bd13e0ad2515189786dd2c30d3eec9663d70f4ecf699330002f8ccb547e4a18231fc9f0
  languageName: node
  linkType: hard

"yallist@npm:^5.0.0":
  version: 5.0.0
  resolution: "yallist@npm:5.0.0"
  checksum: 10c0/a499c81ce6d4a1d260d4ea0f6d49ab4da09681e32c3f0472dee16667ed69d01dae63a3b81745a24bd78476ec4fcf856114cb4896ace738e01da34b2c42235416
  languageName: node
  linkType: hard
